// !$*UTF8*$!
{
	archiveVersion = 1;
	classes = {
	};
	objectVersion = 46;
	objects = {

/* Begin PBXBuildFile section */
		4D15999B168B215400D10232 /* instancedTexTrans.frag in Sources */ = {isa = PBXBuildFile; fileRef = 4D159999168B215400D10232 /* instancedTexTrans.frag */; };
		4D15999C168B215400D10232 /* instancedTexTrans.vert in Sources */ = {isa = PBXBuildFile; fileRef = 4D15999A168B215400D10232 /* instancedTexTrans.vert */; };
		4D1F79D117E44867006DA349 /* UserDefaults.plist in Resources */ = {isa = PBXBuildFile; fileRef = 4D4F588717E015C300E72686 /* UserDefaults.plist */; };
		4D339CC816B24E6300B46DA0 /* rnApp_connect.cpp in Sources */ = {isa = PBXBuildFile; fileRef = 4D339CC616B24E6300B46DA0 /* rnApp_connect.cpp */; };
		4D339CCB16B24F9300B46DA0 /* rnApp_collision.cpp in Sources */ = {isa = PBXBuildFile; fileRef = 4D339CC916B24F9300B46DA0 /* rnApp_collision.cpp */; };
		4D3A44BE16A4F8AE00328314 /* collisionTester.cpp in Sources */ = {isa = PBXBuildFile; fileRef = 4D3A44BC16A4F8AE00328314 /* collisionTester.cpp */; };
		4D4F588817E015C300E72686 /* AppDelegate.mm in Sources */ = {isa = PBXBuildFile; fileRef = 4D4F587E17E015C300E72686 /* AppDelegate.mm */; };
		4D4F588917E015C300E72686 /* PreferenceController.mm in Sources */ = {isa = PBXBuildFile; fileRef = 4D4F588217E015C300E72686 /* PreferenceController.mm */; };
		4D4F588A17E015C300E72686 /* rnMainGLView.mm in Sources */ = {isa = PBXBuildFile; fileRef = 4D4F588417E015C300E72686 /* rnMainGLView.mm */; };
		4D4F588B17E015C300E72686 /* MainWindowController.mm in Sources */ = {isa = PBXBuildFile; fileRef = 4D4F588617E015C300E72686 /* MainWindowController.mm */; };
		4D4F58C717E0175E00E72686 /* ofxCocoaGLView.mm in Sources */ = {isa = PBXBuildFile; fileRef = 4D4F58BE17E0175E00E72686 /* ofxCocoaGLView.mm */; };
		4D65FC001689DCB700D7B2F5 /* assimp.a in Frameworks */ = {isa = PBXBuildFile; fileRef = 4D65FBFA1689DCB700D7B2F5 /* assimp.a */; };
		4D65FC011689DCB700D7B2F5 /* ofxAssimpModelLoader.cpp in Sources */ = {isa = PBXBuildFile; fileRef = 4D65FBFE1689DCB700D7B2F5 /* ofxAssimpModelLoader.cpp */; };
		4D9D72B81688FFFD00CE7F68 /* ofxVboMeshInstanced.cpp in Sources */ = {isa = PBXBuildFile; fileRef = 4D9D729A1688FFFD00CE7F68 /* ofxVboMeshInstanced.cpp */; };
		4DA082A51693D7C300DF20AD /* instancedComponent.cpp in Sources */ = {isa = PBXBuildFile; fileRef = 4DA082A41693D7C300DF20AD /* instancedComponent.cpp */; };
		4DA082B31693F01900DF20AD /* ofxMtb.cpp in Sources */ = {isa = PBXBuildFile; fileRef = 4DA082B21693F01900DF20AD /* ofxMtb.cpp */; };
		5a4349e9754d6fa14c0f2a3a1abc30b6 /* tinyxmlparser.cpp in Sources */ = {isa = PBXBuildFile; fileRef = fc5da1c87211d4f6377da7199d8c5a1e /* tinyxmlparser.cpp */; };
		63b57ac5bf4ef088491e0317dbb2ecaa /* ofxXmlSettings.cpp in Sources */ = {isa = PBXBuildFile; fileRef = 50df87d612c5aae17aafa6c02c6bc570 /* ofxXmlSettings.cpp */; };
		6A9883821A834DF9004322D7 /* Quartz.framework in Frameworks */ = {isa = PBXBuildFile; fileRef = 6A9883811A834DF9004322D7 /* Quartz.framework */; };
		6A9883841A834E08004322D7 /* QuartzCore.framework in Frameworks */ = {isa = PBXBuildFile; fileRef = 6A9883831A834E08004322D7 /* QuartzCore.framework */; };
		6A9883861A834F6A004322D7 /* AVFoundation.framework in Frameworks */ = {isa = PBXBuildFile; fileRef = 6A9883851A834F6A004322D7 /* AVFoundation.framework */; };
		6A9DE8CC1A943B7900FE300A /* readme.md in Sources */ = {isa = PBXBuildFile; fileRef = 6A9DE89B1A943B7800FE300A /* readme.md */; };
		6A9DE8CD1A943B7900FE300A /* Base.cpp in Sources */ = {isa = PBXBuildFile; fileRef = 6A9DE89E1A943B7900FE300A /* Base.cpp */; };
		6A9DE8CE1A943B7900FE300A /* Camera.cpp in Sources */ = {isa = PBXBuildFile; fileRef = 6A9DE8A01A943B7900FE300A /* Camera.cpp */; };
		6A9DE8CF1A943B7900FE300A /* Plane.cpp in Sources */ = {isa = PBXBuildFile; fileRef = 6A9DE8A21A943B7900FE300A /* Plane.cpp */; };
		6A9DE8D01A943B7900FE300A /* Projector.cpp in Sources */ = {isa = PBXBuildFile; fileRef = 6A9DE8A41A943B7900FE300A /* Projector.cpp */; };
		6A9DE8D11A943B7900FE300A /* Ray.cpp in Sources */ = {isa = PBXBuildFile; fileRef = 6A9DE8A61A943B7900FE300A /* Ray.cpp */; };
		6A9DE9041A9445D900FE300A /* ofxModifierKeys_impl_linux.cpp in Sources */ = {isa = PBXBuildFile; fileRef = 6A9DE8F71A9445D900FE300A /* ofxModifierKeys_impl_linux.cpp */; };
		6A9DE9051A9445D900FE300A /* ofxModifierKeys_impl_mac.mm in Sources */ = {isa = PBXBuildFile; fileRef = 6A9DE8F81A9445D900FE300A /* ofxModifierKeys_impl_mac.mm */; };
		6A9DE9061A9445D900FE300A /* ofxModifierKeys_impl_win.cpp in Sources */ = {isa = PBXBuildFile; fileRef = 6A9DE8F91A9445D900FE300A /* ofxModifierKeys_impl_win.cpp */; };
		6AB3BBAF1A94F9B900DC74F9 /* openFrameworks-Info.plist in Resources */ = {isa = PBXBuildFile; fileRef = E4B6FCAD0C3E899E008CF71C /* openFrameworks-Info.plist */; };
		6AB3BBB21A955A4800DC74F9 /* MainMenu.xib in Resources */ = {isa = PBXBuildFile; fileRef = 4D4F587F17E015C300E72686 /* MainMenu.xib */; };
		6AB3BBB31A955A4D00DC74F9 /* MainWindow.xib in Resources */ = {isa = PBXBuildFile; fileRef = 4D0A2D9517E0A44F00E026EF /* MainWindow.xib */; };
		6ADC93251A888AC400512491 /* rnTestCase.cpp in Sources */ = {isa = PBXBuildFile; fileRef = 6ADC93231A888AC400512491 /* rnTestCase.cpp */; };
		6AE555DC1A95F3270048F863 /* GL_ShapeDrawer.cpp in Sources */ = {isa = PBXBuildFile; fileRef = 6AE555DA1A95F3270048F863 /* GL_ShapeDrawer.cpp */; };
		6AE555DF1A95F33F0048F863 /* GLDebugDrawer.cpp in Sources */ = {isa = PBXBuildFile; fileRef = 6AE555DD1A95F33F0048F863 /* GLDebugDrawer.cpp */; };
		933a2227713c720ceff80fd967d0a8ee /* tinyxml.cpp in Sources */ = {isa = PBXBuildFile; fileRef = 2b40eda85beb63e46785bc299a638898 /* tinyxml.cpp */; };
		9d44dc88ef9e7991b4a09951e2e4769f /* tinyxmlerror.cpp in Sources */ = {isa = PBXBuildFile; fileRef = 832bdc407620cdba568b713d2252c43c /* tinyxmlerror.cpp */; };
		BBAB23CB13894F3D00AA2426 /* GLUT.framework in CopyFiles */ = {isa = PBXBuildFile; fileRef = BBAB23BE13894E4700AA2426 /* GLUT.framework */; };
		E4328149138ABC9F0047C5CB /* openFrameworksDebug.a in Frameworks */ = {isa = PBXBuildFile; fileRef = E4328148138ABC890047C5CB /* openFrameworksDebug.a */; };
		E45BE97B0E8CC7DD009D7055 /* AGL.framework in Frameworks */ = {isa = PBXBuildFile; fileRef = E45BE9710E8CC7DD009D7055 /* AGL.framework */; };
		E45BE97C0E8CC7DD009D7055 /* ApplicationServices.framework in Frameworks */ = {isa = PBXBuildFile; fileRef = E45BE9720E8CC7DD009D7055 /* ApplicationServices.framework */; };
		E45BE97D0E8CC7DD009D7055 /* AudioToolbox.framework in Frameworks */ = {isa = PBXBuildFile; fileRef = E45BE9730E8CC7DD009D7055 /* AudioToolbox.framework */; };
		E45BE97E0E8CC7DD009D7055 /* Carbon.framework in Frameworks */ = {isa = PBXBuildFile; fileRef = E45BE9740E8CC7DD009D7055 /* Carbon.framework */; };
		E45BE97F0E8CC7DD009D7055 /* CoreAudio.framework in Frameworks */ = {isa = PBXBuildFile; fileRef = E45BE9750E8CC7DD009D7055 /* CoreAudio.framework */; };
		E45BE9800E8CC7DD009D7055 /* CoreFoundation.framework in Frameworks */ = {isa = PBXBuildFile; fileRef = E45BE9760E8CC7DD009D7055 /* CoreFoundation.framework */; };
		E45BE9810E8CC7DD009D7055 /* CoreServices.framework in Frameworks */ = {isa = PBXBuildFile; fileRef = E45BE9770E8CC7DD009D7055 /* CoreServices.framework */; };
		E45BE9830E8CC7DD009D7055 /* OpenGL.framework in Frameworks */ = {isa = PBXBuildFile; fileRef = E45BE9790E8CC7DD009D7055 /* OpenGL.framework */; };
		E45BE9840E8CC7DD009D7055 /* QuickTime.framework in Frameworks */ = {isa = PBXBuildFile; fileRef = E45BE97A0E8CC7DD009D7055 /* QuickTime.framework */; };
		E4B69E200A3A1BDC003C02F2 /* main.mm in Sources */ = {isa = PBXBuildFile; fileRef = E4B69E1D0A3A1BDC003C02F2 /* main.mm */; };
		E4B69E210A3A1BDC003C02F2 /* rnApp.mm in Sources */ = {isa = PBXBuildFile; fileRef = E4B69E1E0A3A1BDC003C02F2 /* rnApp.mm */; };
		E4C2424710CC5A17004149E2 /* AppKit.framework in Frameworks */ = {isa = PBXBuildFile; fileRef = E4C2424410CC5A17004149E2 /* AppKit.framework */; };
		E4C2424810CC5A17004149E2 /* Cocoa.framework in Frameworks */ = {isa = PBXBuildFile; fileRef = E4C2424510CC5A17004149E2 /* Cocoa.framework */; };
		E4C2424910CC5A17004149E2 /* IOKit.framework in Frameworks */ = {isa = PBXBuildFile; fileRef = E4C2424610CC5A17004149E2 /* IOKit.framework */; };
		E4EB6799138ADC1D00A09F29 /* GLUT.framework in Frameworks */ = {isa = PBXBuildFile; fileRef = BBAB23BE13894E4700AA2426 /* GLUT.framework */; };
/* End PBXBuildFile section */

/* Begin PBXContainerItemProxy section */
		E4328147138ABC890047C5CB /* PBXContainerItemProxy */ = {
			isa = PBXContainerItemProxy;
			containerPortal = E4328143138ABC890047C5CB /* openFrameworksLib.xcodeproj */;
			proxyType = 2;
			remoteGlobalIDString = E4B27C1510CBEB8E00536013;
			remoteInfo = openFrameworks;
		};
		E4EEB9AB138B136A00A80321 /* PBXContainerItemProxy */ = {
			isa = PBXContainerItemProxy;
			containerPortal = E4328143138ABC890047C5CB /* openFrameworksLib.xcodeproj */;
			proxyType = 1;
			remoteGlobalIDString = E4B27C1410CBEB8E00536013;
			remoteInfo = openFrameworks;
		};
/* End PBXContainerItemProxy section */

/* Begin PBXCopyFilesBuildPhase section */
		E4C2427710CC5ABF004149E2 /* CopyFiles */ = {
			isa = PBXCopyFilesBuildPhase;
			buildActionMask = 2147483647;
			dstPath = "";
			dstSubfolderSpec = 10;
			files = (
				BBAB23CB13894F3D00AA2426 /* GLUT.framework in CopyFiles */,
			);
			runOnlyForDeploymentPostprocessing = 0;
		};
/* End PBXCopyFilesBuildPhase section */

/* Begin PBXFileReference section */
		01dcc0911400f9acf5b65578af4ec8f9 /* ofxXmlSettings.h */ = {isa = PBXFileReference; explicitFileType = sourcecode.c.h; fileEncoding = 30; name = ofxXmlSettings.h; path = ../../../addons/ofxXmlSettings/src/ofxXmlSettings.h; sourceTree = SOURCE_ROOT; };
		2b40eda85beb63e46785bc299a638898 /* tinyxml.cpp */ = {isa = PBXFileReference; explicitFileType = sourcecode.cpp.cpp; fileEncoding = 30; name = tinyxml.cpp; path = ../../../addons/ofxXmlSettings/libs/tinyxml.cpp; sourceTree = SOURCE_ROOT; };
		4D0A2D9517E0A44F00E026EF /* MainWindow.xib */ = {isa = PBXFileReference; fileEncoding = 4; lastKnownFileType = file.xib; path = MainWindow.xib; sourceTree = "<group>"; };
		4D159999168B215400D10232 /* instancedTexTrans.frag */ = {isa = PBXFileReference; fileEncoding = 4; lastKnownFileType = sourcecode.glsl; path = instancedTexTrans.frag; sourceTree = "<group>"; };
		4D15999A168B215400D10232 /* instancedTexTrans.vert */ = {isa = PBXFileReference; fileEncoding = 4; lastKnownFileType = sourcecode.glsl; path = instancedTexTrans.vert; sourceTree = "<group>"; };
		4D27813016AF3FB800BBD8E2 /* myDef.h */ = {isa = PBXFileReference; lastKnownFileType = sourcecode.c.h; path = myDef.h; sourceTree = "<group>"; };
		4D31ABA117E1EA6E0026C218 /* data */ = {isa = PBXFileReference; lastKnownFileType = folder; name = data; path = bin/data; sourceTree = "<group>"; };
		4D339CC616B24E6300B46DA0 /* rnApp_connect.cpp */ = {isa = PBXFileReference; fileEncoding = 4; lastKnownFileType = sourcecode.cpp.cpp; path = rnApp_connect.cpp; sourceTree = "<group>"; };
		4D339CC916B24F9300B46DA0 /* rnApp_collision.cpp */ = {isa = PBXFileReference; fileEncoding = 4; lastKnownFileType = sourcecode.cpp.cpp; path = rnApp_collision.cpp; sourceTree = "<group>"; };
		4D37C1A51692E2EC006FD104 /* instancedComponent.h */ = {isa = PBXFileReference; lastKnownFileType = sourcecode.c.h; path = instancedComponent.h; sourceTree = "<group>"; };
		4D3A44BC16A4F8AE00328314 /* collisionTester.cpp */ = {isa = PBXFileReference; fileEncoding = 4; lastKnownFileType = sourcecode.cpp.cpp; path = collisionTester.cpp; sourceTree = "<group>"; };
		4D3A44BD16A4F8AE00328314 /* collisionTester.h */ = {isa = PBXFileReference; fileEncoding = 4; lastKnownFileType = sourcecode.c.h; path = collisionTester.h; sourceTree = "<group>"; };
		4D4F587D17E015C300E72686 /* AppDelegate.h */ = {isa = PBXFileReference; fileEncoding = 4; lastKnownFileType = sourcecode.c.h; path = AppDelegate.h; sourceTree = "<group>"; };
		4D4F587E17E015C300E72686 /* AppDelegate.mm */ = {isa = PBXFileReference; fileEncoding = 4; lastKnownFileType = sourcecode.cpp.objcpp; path = AppDelegate.mm; sourceTree = "<group>"; };
		4D4F587F17E015C300E72686 /* MainMenu.xib */ = {isa = PBXFileReference; fileEncoding = 4; lastKnownFileType = file.xib; path = MainMenu.xib; sourceTree = "<group>"; };
		4D4F588017E015C300E72686 /* Preference.xib */ = {isa = PBXFileReference; fileEncoding = 4; lastKnownFileType = file.xib; path = Preference.xib; sourceTree = "<group>"; };
		4D4F588117E015C300E72686 /* PreferenceController.h */ = {isa = PBXFileReference; fileEncoding = 4; lastKnownFileType = sourcecode.c.h; path = PreferenceController.h; sourceTree = "<group>"; };
		4D4F588217E015C300E72686 /* PreferenceController.mm */ = {isa = PBXFileReference; fileEncoding = 4; lastKnownFileType = sourcecode.cpp.objcpp; path = PreferenceController.mm; sourceTree = "<group>"; };
		4D4F588317E015C300E72686 /* rnMainGLView.h */ = {isa = PBXFileReference; fileEncoding = 4; lastKnownFileType = sourcecode.c.h; path = rnMainGLView.h; sourceTree = "<group>"; };
		4D4F588417E015C300E72686 /* rnMainGLView.mm */ = {isa = PBXFileReference; fileEncoding = 4; lastKnownFileType = sourcecode.cpp.objcpp; path = rnMainGLView.mm; sourceTree = "<group>"; };
		4D4F588517E015C300E72686 /* MainWindowController.h */ = {isa = PBXFileReference; fileEncoding = 4; lastKnownFileType = sourcecode.c.h; path = MainWindowController.h; sourceTree = "<group>"; };
		4D4F588617E015C300E72686 /* MainWindowController.mm */ = {isa = PBXFileReference; fileEncoding = 4; lastKnownFileType = sourcecode.cpp.objcpp; path = MainWindowController.mm; sourceTree = "<group>"; };
		4D4F588717E015C300E72686 /* UserDefaults.plist */ = {isa = PBXFileReference; fileEncoding = 4; lastKnownFileType = text.plist.xml; path = UserDefaults.plist; sourceTree = "<group>"; };
		4D4F58BD17E0175E00E72686 /* ofxCocoaGLView.h */ = {isa = PBXFileReference; fileEncoding = 4; lastKnownFileType = sourcecode.c.h; path = ofxCocoaGLView.h; sourceTree = "<group>"; };
		4D4F58BE17E0175E00E72686 /* ofxCocoaGLView.mm */ = {isa = PBXFileReference; fileEncoding = 4; lastKnownFileType = sourcecode.cpp.objcpp; path = ofxCocoaGLView.mm; sourceTree = "<group>"; };
		4D65FBCF1689DCB700D7B2F5 /* install.xml */ = {isa = PBXFileReference; fileEncoding = 4; lastKnownFileType = text.xml; path = install.xml; sourceTree = "<group>"; };
		4D65FBD31689DCB700D7B2F5 /* aiAnim.h */ = {isa = PBXFileReference; fileEncoding = 4; lastKnownFileType = sourcecode.c.h; path = aiAnim.h; sourceTree = "<group>"; };
		4D65FBD41689DCB700D7B2F5 /* aiAssert.h */ = {isa = PBXFileReference; fileEncoding = 4; lastKnownFileType = sourcecode.c.h; path = aiAssert.h; sourceTree = "<group>"; };
		4D65FBD51689DCB700D7B2F5 /* aiCamera.h */ = {isa = PBXFileReference; fileEncoding = 4; lastKnownFileType = sourcecode.c.h; path = aiCamera.h; sourceTree = "<group>"; };
		4D65FBD61689DCB700D7B2F5 /* aiColor4D.h */ = {isa = PBXFileReference; fileEncoding = 4; lastKnownFileType = sourcecode.c.h; path = aiColor4D.h; sourceTree = "<group>"; };
		4D65FBD71689DCB700D7B2F5 /* aiColor4D.inl */ = {isa = PBXFileReference; fileEncoding = 4; lastKnownFileType = text; path = aiColor4D.inl; sourceTree = "<group>"; };
		4D65FBD81689DCB700D7B2F5 /* aiConfig.h */ = {isa = PBXFileReference; fileEncoding = 4; lastKnownFileType = sourcecode.c.h; path = aiConfig.h; sourceTree = "<group>"; };
		4D65FBD91689DCB700D7B2F5 /* aiDefines.h */ = {isa = PBXFileReference; fileEncoding = 4; lastKnownFileType = sourcecode.c.h; path = aiDefines.h; sourceTree = "<group>"; };
		4D65FBDA1689DCB700D7B2F5 /* aiFileIO.h */ = {isa = PBXFileReference; fileEncoding = 4; lastKnownFileType = sourcecode.c.h; path = aiFileIO.h; sourceTree = "<group>"; };
		4D65FBDB1689DCB700D7B2F5 /* aiLight.h */ = {isa = PBXFileReference; fileEncoding = 4; lastKnownFileType = sourcecode.c.h; path = aiLight.h; sourceTree = "<group>"; };
		4D65FBDC1689DCB700D7B2F5 /* aiMaterial.h */ = {isa = PBXFileReference; fileEncoding = 4; lastKnownFileType = sourcecode.c.h; path = aiMaterial.h; sourceTree = "<group>"; };
		4D65FBDD1689DCB700D7B2F5 /* aiMaterial.inl */ = {isa = PBXFileReference; fileEncoding = 4; lastKnownFileType = text; path = aiMaterial.inl; sourceTree = "<group>"; };
		4D65FBDE1689DCB700D7B2F5 /* aiMatrix3x3.h */ = {isa = PBXFileReference; fileEncoding = 4; lastKnownFileType = sourcecode.c.h; path = aiMatrix3x3.h; sourceTree = "<group>"; };
		4D65FBDF1689DCB700D7B2F5 /* aiMatrix3x3.inl */ = {isa = PBXFileReference; fileEncoding = 4; lastKnownFileType = text; path = aiMatrix3x3.inl; sourceTree = "<group>"; };
		4D65FBE01689DCB700D7B2F5 /* aiMatrix4x4.h */ = {isa = PBXFileReference; fileEncoding = 4; lastKnownFileType = sourcecode.c.h; path = aiMatrix4x4.h; sourceTree = "<group>"; };
		4D65FBE11689DCB700D7B2F5 /* aiMatrix4x4.inl */ = {isa = PBXFileReference; fileEncoding = 4; lastKnownFileType = text; path = aiMatrix4x4.inl; sourceTree = "<group>"; };
		4D65FBE21689DCB700D7B2F5 /* aiMesh.h */ = {isa = PBXFileReference; fileEncoding = 4; lastKnownFileType = sourcecode.c.h; path = aiMesh.h; sourceTree = "<group>"; };
		4D65FBE31689DCB700D7B2F5 /* aiPostProcess.h */ = {isa = PBXFileReference; fileEncoding = 4; lastKnownFileType = sourcecode.c.h; path = aiPostProcess.h; sourceTree = "<group>"; };
		4D65FBE41689DCB700D7B2F5 /* aiQuaternion.h */ = {isa = PBXFileReference; fileEncoding = 4; lastKnownFileType = sourcecode.c.h; path = aiQuaternion.h; sourceTree = "<group>"; };
		4D65FBE51689DCB700D7B2F5 /* aiScene.h */ = {isa = PBXFileReference; fileEncoding = 4; lastKnownFileType = sourcecode.c.h; path = aiScene.h; sourceTree = "<group>"; };
		4D65FBE61689DCB700D7B2F5 /* aiTexture.h */ = {isa = PBXFileReference; fileEncoding = 4; lastKnownFileType = sourcecode.c.h; path = aiTexture.h; sourceTree = "<group>"; };
		4D65FBE71689DCB700D7B2F5 /* aiTypes.h */ = {isa = PBXFileReference; fileEncoding = 4; lastKnownFileType = sourcecode.c.h; path = aiTypes.h; sourceTree = "<group>"; };
		4D65FBE81689DCB700D7B2F5 /* aiVector2D.h */ = {isa = PBXFileReference; fileEncoding = 4; lastKnownFileType = sourcecode.c.h; path = aiVector2D.h; sourceTree = "<group>"; };
		4D65FBE91689DCB700D7B2F5 /* aiVector3D.h */ = {isa = PBXFileReference; fileEncoding = 4; lastKnownFileType = sourcecode.c.h; path = aiVector3D.h; sourceTree = "<group>"; };
		4D65FBEA1689DCB700D7B2F5 /* aiVector3D.inl */ = {isa = PBXFileReference; fileEncoding = 4; lastKnownFileType = text; path = aiVector3D.inl; sourceTree = "<group>"; };
		4D65FBEB1689DCB700D7B2F5 /* aiVersion.h */ = {isa = PBXFileReference; fileEncoding = 4; lastKnownFileType = sourcecode.c.h; path = aiVersion.h; sourceTree = "<group>"; };
		4D65FBEC1689DCB700D7B2F5 /* assimp.h */ = {isa = PBXFileReference; fileEncoding = 4; lastKnownFileType = sourcecode.c.h; path = assimp.h; sourceTree = "<group>"; };
		4D65FBED1689DCB700D7B2F5 /* assimp.hpp */ = {isa = PBXFileReference; fileEncoding = 4; lastKnownFileType = sourcecode.cpp.h; path = assimp.hpp; sourceTree = "<group>"; };
		4D65FBEF1689DCB700D7B2F5 /* poppack1.h */ = {isa = PBXFileReference; fileEncoding = 4; lastKnownFileType = sourcecode.c.h; path = poppack1.h; sourceTree = "<group>"; };
		4D65FBF01689DCB700D7B2F5 /* pushpack1.h */ = {isa = PBXFileReference; fileEncoding = 4; lastKnownFileType = sourcecode.c.h; path = pushpack1.h; sourceTree = "<group>"; };
		4D65FBF11689DCB700D7B2F5 /* DefaultLogger.h */ = {isa = PBXFileReference; fileEncoding = 4; lastKnownFileType = sourcecode.c.h; path = DefaultLogger.h; sourceTree = "<group>"; };
		4D65FBF21689DCB700D7B2F5 /* IOStream.h */ = {isa = PBXFileReference; fileEncoding = 4; lastKnownFileType = sourcecode.c.h; path = IOStream.h; sourceTree = "<group>"; };
		4D65FBF31689DCB700D7B2F5 /* IOSystem.h */ = {isa = PBXFileReference; fileEncoding = 4; lastKnownFileType = sourcecode.c.h; path = IOSystem.h; sourceTree = "<group>"; };
		4D65FBF41689DCB700D7B2F5 /* Logger.h */ = {isa = PBXFileReference; fileEncoding = 4; lastKnownFileType = sourcecode.c.h; path = Logger.h; sourceTree = "<group>"; };
		4D65FBF51689DCB700D7B2F5 /* LogStream.h */ = {isa = PBXFileReference; fileEncoding = 4; lastKnownFileType = sourcecode.c.h; path = LogStream.h; sourceTree = "<group>"; };
		4D65FBF61689DCB700D7B2F5 /* NullLogger.h */ = {isa = PBXFileReference; fileEncoding = 4; lastKnownFileType = sourcecode.c.h; path = NullLogger.h; sourceTree = "<group>"; };
		4D65FBF71689DCB700D7B2F5 /* ProgressHandler.h */ = {isa = PBXFileReference; fileEncoding = 4; lastKnownFileType = sourcecode.c.h; path = ProgressHandler.h; sourceTree = "<group>"; };
		4D65FBFA1689DCB700D7B2F5 /* assimp.a */ = {isa = PBXFileReference; lastKnownFileType = archive.ar; path = assimp.a; sourceTree = "<group>"; };
		4D65FBFC1689DCB700D7B2F5 /* ofx3DBaseLoader.h */ = {isa = PBXFileReference; fileEncoding = 4; lastKnownFileType = sourcecode.c.h; path = ofx3DBaseLoader.h; sourceTree = "<group>"; };
		4D65FBFD1689DCB700D7B2F5 /* ofxAssimpMeshHelper.h */ = {isa = PBXFileReference; fileEncoding = 4; lastKnownFileType = sourcecode.c.h; path = ofxAssimpMeshHelper.h; sourceTree = "<group>"; };
		4D65FBFE1689DCB700D7B2F5 /* ofxAssimpModelLoader.cpp */ = {isa = PBXFileReference; fileEncoding = 4; lastKnownFileType = sourcecode.cpp.cpp; path = ofxAssimpModelLoader.cpp; sourceTree = "<group>"; };
		4D65FBFF1689DCB700D7B2F5 /* ofxAssimpModelLoader.h */ = {isa = PBXFileReference; fileEncoding = 4; lastKnownFileType = sourcecode.c.h; path = ofxAssimpModelLoader.h; sourceTree = "<group>"; };
		4D9D72471688FE6500CE7F68 /* Project_extra.xcconfig */ = {isa = PBXFileReference; fileEncoding = 4; lastKnownFileType = text.xcconfig; path = Project_extra.xcconfig; sourceTree = "<group>"; };
		4D9D72831688FFFD00CE7F68 /* .gitignore */ = {isa = PBXFileReference; fileEncoding = 4; lastKnownFileType = text; path = .gitignore; sourceTree = "<group>"; };
		4D9D72981688FFFD00CE7F68 /* README.md */ = {isa = PBXFileReference; fileEncoding = 4; lastKnownFileType = text; path = README.md; sourceTree = "<group>"; };
		4D9D729A1688FFFD00CE7F68 /* ofxVboMeshInstanced.cpp */ = {isa = PBXFileReference; fileEncoding = 4; lastKnownFileType = sourcecode.cpp.cpp; path = ofxVboMeshInstanced.cpp; sourceTree = "<group>"; };
		4D9D729B1688FFFD00CE7F68 /* ofxVboMeshInstanced.h */ = {isa = PBXFileReference; fileEncoding = 4; lastKnownFileType = sourcecode.c.h; path = ofxVboMeshInstanced.h; sourceTree = "<group>"; };
		4D9D72BB1689002600CE7F68 /* ofxMatrix3x3.h */ = {isa = PBXFileReference; fileEncoding = 4; lastKnownFileType = sourcecode.c.h; path = ofxMatrix3x3.h; sourceTree = "<group>"; };
		4D9D72BC1689002600CE7F68 /* ofxMatrix4x4.h */ = {isa = PBXFileReference; fileEncoding = 4; lastKnownFileType = sourcecode.c.h; path = ofxMatrix4x4.h; sourceTree = "<group>"; };
		4D9D72BD1689002600CE7F68 /* ofxPoint2f.h */ = {isa = PBXFileReference; fileEncoding = 4; lastKnownFileType = sourcecode.c.h; path = ofxPoint2f.h; sourceTree = "<group>"; };
		4D9D72BE1689002600CE7F68 /* ofxPoint3f.h */ = {isa = PBXFileReference; fileEncoding = 4; lastKnownFileType = sourcecode.c.h; path = ofxPoint3f.h; sourceTree = "<group>"; };
		4D9D72BF1689002600CE7F68 /* ofxPoint4f.h */ = {isa = PBXFileReference; fileEncoding = 4; lastKnownFileType = sourcecode.c.h; path = ofxPoint4f.h; sourceTree = "<group>"; };
		4D9D72C01689002600CE7F68 /* ofxQuaternion.h */ = {isa = PBXFileReference; fileEncoding = 4; lastKnownFileType = sourcecode.c.h; path = ofxQuaternion.h; sourceTree = "<group>"; };
		4D9D72C11689002600CE7F68 /* ofxVec2f.h */ = {isa = PBXFileReference; fileEncoding = 4; lastKnownFileType = sourcecode.c.h; path = ofxVec2f.h; sourceTree = "<group>"; };
		4D9D72C21689002600CE7F68 /* ofxVec3f.h */ = {isa = PBXFileReference; fileEncoding = 4; lastKnownFileType = sourcecode.c.h; path = ofxVec3f.h; sourceTree = "<group>"; };
		4D9D72C31689002600CE7F68 /* ofxVec4f.h */ = {isa = PBXFileReference; fileEncoding = 4; lastKnownFileType = sourcecode.c.h; path = ofxVec4f.h; sourceTree = "<group>"; };
		4D9D72C41689002600CE7F68 /* ofxVectorMath.h */ = {isa = PBXFileReference; fileEncoding = 4; lastKnownFileType = sourcecode.c.h; path = ofxVectorMath.h; sourceTree = "<group>"; };
		4D9D72C71689005500CE7F68 /* Instructions.txt */ = {isa = PBXFileReference; fileEncoding = 4; lastKnownFileType = text; path = Instructions.txt; sourceTree = "<group>"; };
		4D9D72C81689005500CE7F68 /* install.xml */ = {isa = PBXFileReference; fileEncoding = 4; lastKnownFileType = text.xml; path = install.xml; sourceTree = "<group>"; };
		4D9D72CA1689005500CE7F68 /* ofxDirList.h */ = {isa = PBXFileReference; fileEncoding = 4; lastKnownFileType = sourcecode.c.h; path = ofxDirList.h; sourceTree = "<group>"; };
		4DA082A41693D7C300DF20AD /* instancedComponent.cpp */ = {isa = PBXFileReference; fileEncoding = 4; lastKnownFileType = sourcecode.cpp.cpp; path = instancedComponent.cpp; sourceTree = "<group>"; };
		4DA082A61693E5CD00DF20AD /* ofxMtb.h */ = {isa = PBXFileReference; lastKnownFileType = sourcecode.c.h; path = ofxMtb.h; sourceTree = "<group>"; };
		4DA082B21693F01900DF20AD /* ofxMtb.cpp */ = {isa = PBXFileReference; fileEncoding = 4; lastKnownFileType = sourcecode.cpp.cpp; path = ofxMtb.cpp; sourceTree = "<group>"; };
		4DB98A8116AD4A0900F0864B /* performanceMemo.rtf */ = {isa = PBXFileReference; fileEncoding = 4; lastKnownFileType = text.rtf; path = performanceMemo.rtf; sourceTree = "<group>"; };
		50df87d612c5aae17aafa6c02c6bc570 /* ofxXmlSettings.cpp */ = {isa = PBXFileReference; explicitFileType = sourcecode.cpp.cpp; fileEncoding = 30; name = ofxXmlSettings.cpp; path = ../../../addons/ofxXmlSettings/src/ofxXmlSettings.cpp; sourceTree = SOURCE_ROOT; };
		6A9883811A834DF9004322D7 /* Quartz.framework */ = {isa = PBXFileReference; lastKnownFileType = wrapper.framework; name = Quartz.framework; path = System/Library/Frameworks/Quartz.framework; sourceTree = SDKROOT; };
		6A9883831A834E08004322D7 /* QuartzCore.framework */ = {isa = PBXFileReference; lastKnownFileType = wrapper.framework; name = QuartzCore.framework; path = System/Library/Frameworks/QuartzCore.framework; sourceTree = SDKROOT; };
		6A9883851A834F6A004322D7 /* AVFoundation.framework */ = {isa = PBXFileReference; lastKnownFileType = wrapper.framework; name = AVFoundation.framework; path = System/Library/Frameworks/AVFoundation.framework; sourceTree = SDKROOT; };
		6A9DE8991A943B7800FE300A /* ofxRayLib.vcxproj */ = {isa = PBXFileReference; fileEncoding = 4; lastKnownFileType = text.xml; path = ofxRayLib.vcxproj; sourceTree = "<group>"; };
		6A9DE89A1A943B7800FE300A /* ofxRayLib.vcxproj.filters */ = {isa = PBXFileReference; fileEncoding = 4; lastKnownFileType = text.xml; path = ofxRayLib.vcxproj.filters; sourceTree = "<group>"; };
		6A9DE89B1A943B7800FE300A /* readme.md */ = {isa = PBXFileReference; fileEncoding = 4; lastKnownFileType = net.daringfireball.markdown; path = readme.md; sourceTree = "<group>"; };
		6A9DE89E1A943B7900FE300A /* Base.cpp */ = {isa = PBXFileReference; fileEncoding = 4; lastKnownFileType = sourcecode.cpp.cpp; path = Base.cpp; sourceTree = "<group>"; };
		6A9DE89F1A943B7900FE300A /* Base.h */ = {isa = PBXFileReference; fileEncoding = 4; lastKnownFileType = sourcecode.c.h; path = Base.h; sourceTree = "<group>"; };
		6A9DE8A01A943B7900FE300A /* Camera.cpp */ = {isa = PBXFileReference; fileEncoding = 4; lastKnownFileType = sourcecode.cpp.cpp; path = Camera.cpp; sourceTree = "<group>"; };
		6A9DE8A11A943B7900FE300A /* Camera.h */ = {isa = PBXFileReference; fileEncoding = 4; lastKnownFileType = sourcecode.c.h; path = Camera.h; sourceTree = "<group>"; };
		6A9DE8A21A943B7900FE300A /* Plane.cpp */ = {isa = PBXFileReference; fileEncoding = 4; lastKnownFileType = sourcecode.cpp.cpp; path = Plane.cpp; sourceTree = "<group>"; };
		6A9DE8A31A943B7900FE300A /* Plane.h */ = {isa = PBXFileReference; fileEncoding = 4; lastKnownFileType = sourcecode.c.h; path = Plane.h; sourceTree = "<group>"; };
		6A9DE8A41A943B7900FE300A /* Projector.cpp */ = {isa = PBXFileReference; fileEncoding = 4; lastKnownFileType = sourcecode.cpp.cpp; path = Projector.cpp; sourceTree = "<group>"; };
		6A9DE8A51A943B7900FE300A /* Projector.h */ = {isa = PBXFileReference; fileEncoding = 4; lastKnownFileType = sourcecode.c.h; path = Projector.h; sourceTree = "<group>"; };
		6A9DE8A61A943B7900FE300A /* Ray.cpp */ = {isa = PBXFileReference; fileEncoding = 4; lastKnownFileType = sourcecode.cpp.cpp; path = Ray.cpp; sourceTree = "<group>"; };
		6A9DE8A71A943B7900FE300A /* Ray.h */ = {isa = PBXFileReference; fileEncoding = 4; lastKnownFileType = sourcecode.c.h; path = Ray.h; sourceTree = "<group>"; };
		6A9DE8A81A943B7900FE300A /* ofxRay.h */ = {isa = PBXFileReference; fileEncoding = 4; lastKnownFileType = sourcecode.c.h; path = ofxRay.h; sourceTree = "<group>"; };
		6A9DE8F61A9445D900FE300A /* ofxModifierKeys.h */ = {isa = PBXFileReference; fileEncoding = 4; lastKnownFileType = sourcecode.c.h; path = ofxModifierKeys.h; sourceTree = "<group>"; };
		6A9DE8F71A9445D900FE300A /* ofxModifierKeys_impl_linux.cpp */ = {isa = PBXFileReference; fileEncoding = 4; lastKnownFileType = sourcecode.cpp.cpp; path = ofxModifierKeys_impl_linux.cpp; sourceTree = "<group>"; };
		6A9DE8F81A9445D900FE300A /* ofxModifierKeys_impl_mac.mm */ = {isa = PBXFileReference; fileEncoding = 4; lastKnownFileType = sourcecode.cpp.objcpp; path = ofxModifierKeys_impl_mac.mm; sourceTree = "<group>"; };
		6A9DE8F91A9445D900FE300A /* ofxModifierKeys_impl_win.cpp */ = {isa = PBXFileReference; fileEncoding = 4; lastKnownFileType = sourcecode.cpp.cpp; path = ofxModifierKeys_impl_win.cpp; sourceTree = "<group>"; };
		6ADC93231A888AC400512491 /* rnTestCase.cpp */ = {isa = PBXFileReference; fileEncoding = 4; lastKnownFileType = sourcecode.cpp.cpp; path = rnTestCase.cpp; sourceTree = "<group>"; };
		6ADC93241A888AC400512491 /* rnTestCase.h */ = {isa = PBXFileReference; fileEncoding = 4; lastKnownFileType = sourcecode.c.h; path = rnTestCase.h; sourceTree = "<group>"; };
		6AE555DA1A95F3270048F863 /* GL_ShapeDrawer.cpp */ = {isa = PBXFileReference; fileEncoding = 4; lastKnownFileType = sourcecode.cpp.cpp; name = GL_ShapeDrawer.cpp; path = ../../../../addons/bullet281/src/OpenGL/GL_ShapeDrawer.cpp; sourceTree = "<group>"; };
		6AE555DB1A95F3270048F863 /* GL_ShapeDrawer.h */ = {isa = PBXFileReference; fileEncoding = 4; lastKnownFileType = sourcecode.c.h; name = GL_ShapeDrawer.h; path = ../../../../addons/bullet281/src/OpenGL/GL_ShapeDrawer.h; sourceTree = "<group>"; };
		6AE555DD1A95F33F0048F863 /* GLDebugDrawer.cpp */ = {isa = PBXFileReference; fileEncoding = 4; lastKnownFileType = sourcecode.cpp.cpp; name = GLDebugDrawer.cpp; path = ../../../../addons/bullet281/src/OpenGL/GLDebugDrawer.cpp; sourceTree = "<group>"; };
		6AE555DE1A95F33F0048F863 /* GLDebugDrawer.h */ = {isa = PBXFileReference; fileEncoding = 4; lastKnownFileType = sourcecode.c.h; name = GLDebugDrawer.h; path = ../../../../addons/bullet281/src/OpenGL/GLDebugDrawer.h; sourceTree = "<group>"; };
		832bdc407620cdba568b713d2252c43c /* tinyxmlerror.cpp */ = {isa = PBXFileReference; explicitFileType = sourcecode.cpp.cpp; fileEncoding = 30; name = tinyxmlerror.cpp; path = ../../../addons/ofxXmlSettings/libs/tinyxmlerror.cpp; sourceTree = SOURCE_ROOT; };
		BBAB23BE13894E4700AA2426 /* GLUT.framework */ = {isa = PBXFileReference; lastKnownFileType = wrapper.framework; name = GLUT.framework; path = ../../../libs/glut/lib/osx/GLUT.framework; sourceTree = "<group>"; };
		E4328143138ABC890047C5CB /* openFrameworksLib.xcodeproj */ = {isa = PBXFileReference; lastKnownFileType = "wrapper.pb-project"; name = openFrameworksLib.xcodeproj; path = ../../../libs/openFrameworksCompiled/project/osx/openFrameworksLib.xcodeproj; sourceTree = SOURCE_ROOT; };
		E45BE9710E8CC7DD009D7055 /* AGL.framework */ = {isa = PBXFileReference; lastKnownFileType = wrapper.framework; name = AGL.framework; path = /System/Library/Frameworks/AGL.framework; sourceTree = "<absolute>"; };
		E45BE9720E8CC7DD009D7055 /* ApplicationServices.framework */ = {isa = PBXFileReference; lastKnownFileType = wrapper.framework; name = ApplicationServices.framework; path = /System/Library/Frameworks/ApplicationServices.framework; sourceTree = "<absolute>"; };
		E45BE9730E8CC7DD009D7055 /* AudioToolbox.framework */ = {isa = PBXFileReference; lastKnownFileType = wrapper.framework; name = AudioToolbox.framework; path = /System/Library/Frameworks/AudioToolbox.framework; sourceTree = "<absolute>"; };
		E45BE9740E8CC7DD009D7055 /* Carbon.framework */ = {isa = PBXFileReference; lastKnownFileType = wrapper.framework; name = Carbon.framework; path = /System/Library/Frameworks/Carbon.framework; sourceTree = "<absolute>"; };
		E45BE9750E8CC7DD009D7055 /* CoreAudio.framework */ = {isa = PBXFileReference; lastKnownFileType = wrapper.framework; name = CoreAudio.framework; path = /System/Library/Frameworks/CoreAudio.framework; sourceTree = "<absolute>"; };
		E45BE9760E8CC7DD009D7055 /* CoreFoundation.framework */ = {isa = PBXFileReference; lastKnownFileType = wrapper.framework; name = CoreFoundation.framework; path = /System/Library/Frameworks/CoreFoundation.framework; sourceTree = "<absolute>"; };
		E45BE9770E8CC7DD009D7055 /* CoreServices.framework */ = {isa = PBXFileReference; lastKnownFileType = wrapper.framework; name = CoreServices.framework; path = /System/Library/Frameworks/CoreServices.framework; sourceTree = "<absolute>"; };
		E45BE9790E8CC7DD009D7055 /* OpenGL.framework */ = {isa = PBXFileReference; lastKnownFileType = wrapper.framework; name = OpenGL.framework; path = /System/Library/Frameworks/OpenGL.framework; sourceTree = "<absolute>"; };
		E45BE97A0E8CC7DD009D7055 /* QuickTime.framework */ = {isa = PBXFileReference; lastKnownFileType = wrapper.framework; name = QuickTime.framework; path = /System/Library/Frameworks/QuickTime.framework; sourceTree = "<absolute>"; };
		E4B69B5B0A3A1756003C02F2 /* renatureModeller_rev024_Debug.app */ = {isa = PBXFileReference; explicitFileType = wrapper.application; includeInIndex = 0; path = renatureModeller_rev024_Debug.app; sourceTree = BUILT_PRODUCTS_DIR; };
		E4B69E1D0A3A1BDC003C02F2 /* main.mm */ = {isa = PBXFileReference; fileEncoding = 30; lastKnownFileType = sourcecode.cpp.objcpp; name = main.mm; path = src/main.mm; sourceTree = SOURCE_ROOT; };
		E4B69E1E0A3A1BDC003C02F2 /* rnApp.mm */ = {isa = PBXFileReference; explicitFileType = sourcecode.cpp.objcpp; fileEncoding = 30; name = rnApp.mm; path = src/rnApp.mm; sourceTree = SOURCE_ROOT; };
		E4B69E1F0A3A1BDC003C02F2 /* rnApp.h */ = {isa = PBXFileReference; fileEncoding = 30; lastKnownFileType = sourcecode.c.h; name = rnApp.h; path = src/rnApp.h; sourceTree = SOURCE_ROOT; };
		E4B6FCAD0C3E899E008CF71C /* openFrameworks-Info.plist */ = {isa = PBXFileReference; fileEncoding = 30; lastKnownFileType = text.plist.xml; path = "openFrameworks-Info.plist"; sourceTree = "<group>"; };
		E4C2424410CC5A17004149E2 /* AppKit.framework */ = {isa = PBXFileReference; lastKnownFileType = wrapper.framework; name = AppKit.framework; path = /System/Library/Frameworks/AppKit.framework; sourceTree = "<absolute>"; };
		E4C2424510CC5A17004149E2 /* Cocoa.framework */ = {isa = PBXFileReference; lastKnownFileType = wrapper.framework; name = Cocoa.framework; path = /System/Library/Frameworks/Cocoa.framework; sourceTree = "<absolute>"; };
		E4C2424610CC5A17004149E2 /* IOKit.framework */ = {isa = PBXFileReference; lastKnownFileType = wrapper.framework; name = IOKit.framework; path = /System/Library/Frameworks/IOKit.framework; sourceTree = "<absolute>"; };
		E4EB691F138AFCF100A09F29 /* CoreOF.xcconfig */ = {isa = PBXFileReference; fileEncoding = 4; lastKnownFileType = text.xcconfig; name = CoreOF.xcconfig; path = ../../../libs/openFrameworksCompiled/project/osx/CoreOF.xcconfig; sourceTree = SOURCE_ROOT; };
		E4EB6923138AFD0F00A09F29 /* Project.xcconfig */ = {isa = PBXFileReference; fileEncoding = 4; lastKnownFileType = text.xcconfig; path = Project.xcconfig; sourceTree = "<group>"; };
		b21e7e5f548eea92f368040bb1aa2f69 /* tinyxml.h */ = {isa = PBXFileReference; explicitFileType = sourcecode.c.h; fileEncoding = 30; name = tinyxml.h; path = ../../../addons/ofxXmlSettings/libs/tinyxml.h; sourceTree = SOURCE_ROOT; };
		fc5da1c87211d4f6377da7199d8c5a1e /* tinyxmlparser.cpp */ = {isa = PBXFileReference; explicitFileType = sourcecode.cpp.cpp; fileEncoding = 30; name = tinyxmlparser.cpp; path = ../../../addons/ofxXmlSettings/libs/tinyxmlparser.cpp; sourceTree = SOURCE_ROOT; };
/* End PBXFileReference section */

/* Begin PBXFrameworksBuildPhase section */
		E4B69B590A3A1756003C02F2 /* Frameworks */ = {
			isa = PBXFrameworksBuildPhase;
			buildActionMask = 2147483647;
			files = (
				6A9883861A834F6A004322D7 /* AVFoundation.framework in Frameworks */,
				6A9883841A834E08004322D7 /* QuartzCore.framework in Frameworks */,
				6A9883821A834DF9004322D7 /* Quartz.framework in Frameworks */,
				E4328149138ABC9F0047C5CB /* openFrameworksDebug.a in Frameworks */,
				E45BE97B0E8CC7DD009D7055 /* AGL.framework in Frameworks */,
				E4C2424710CC5A17004149E2 /* AppKit.framework in Frameworks */,
				E45BE97C0E8CC7DD009D7055 /* ApplicationServices.framework in Frameworks */,
				E45BE97D0E8CC7DD009D7055 /* AudioToolbox.framework in Frameworks */,
				E45BE97E0E8CC7DD009D7055 /* Carbon.framework in Frameworks */,
				E45BE97F0E8CC7DD009D7055 /* CoreAudio.framework in Frameworks */,
				E45BE9800E8CC7DD009D7055 /* CoreFoundation.framework in Frameworks */,
				E45BE9810E8CC7DD009D7055 /* CoreServices.framework in Frameworks */,
				E4EB6799138ADC1D00A09F29 /* GLUT.framework in Frameworks */,
				E45BE9830E8CC7DD009D7055 /* OpenGL.framework in Frameworks */,
				E45BE9840E8CC7DD009D7055 /* QuickTime.framework in Frameworks */,
				E4C2424810CC5A17004149E2 /* Cocoa.framework in Frameworks */,
				E4C2424910CC5A17004149E2 /* IOKit.framework in Frameworks */,
				4D65FC001689DCB700D7B2F5 /* assimp.a in Frameworks */,
			);
			runOnlyForDeploymentPostprocessing = 0;
		};
/* End PBXFrameworksBuildPhase section */

/* Begin PBXGroup section */
		1f4fb5c423662b96adfdcc0badec1cb0 /* ofxXmlSettings */ = {
			isa = PBXGroup;
			children = (
				6ecef0d76bc33727823eadffc320c44d /* src */,
				6e54289412d2d94f45a051132369530c /* libs */,
			);
			name = ofxXmlSettings;
			sourceTree = "<group>";
		};
		4D4F587C17E015C300E72686 /* cocoa */ = {
			isa = PBXGroup;
			children = (
				E4B69E1D0A3A1BDC003C02F2 /* main.mm */,
				4D4F587F17E015C300E72686 /* MainMenu.xib */,
				4D0A2D9517E0A44F00E026EF /* MainWindow.xib */,
				4D4F587D17E015C300E72686 /* AppDelegate.h */,
				4D4F587E17E015C300E72686 /* AppDelegate.mm */,
				4D4F588517E015C300E72686 /* MainWindowController.h */,
				4D4F588617E015C300E72686 /* MainWindowController.mm */,
				4D4F588317E015C300E72686 /* rnMainGLView.h */,
				4D4F588417E015C300E72686 /* rnMainGLView.mm */,
				4D4F588017E015C300E72686 /* Preference.xib */,
				4D4F588117E015C300E72686 /* PreferenceController.h */,
				4D4F588217E015C300E72686 /* PreferenceController.mm */,
				4D4F588717E015C300E72686 /* UserDefaults.plist */,
			);
			path = cocoa;
			sourceTree = "<group>";
		};
		4D4F589117E0175D00E72686 /* ofxCocoaGLView */ = {
			isa = PBXGroup;
			children = (
				4D4F58BC17E0175E00E72686 /* src */,
			);
			name = ofxCocoaGLView;
			path = ../../../addons/ofxCocoaGLView;
			sourceTree = "<group>";
		};
		4D4F58BC17E0175E00E72686 /* src */ = {
			isa = PBXGroup;
			children = (
				4D4F58BD17E0175E00E72686 /* ofxCocoaGLView.h */,
				4D4F58BE17E0175E00E72686 /* ofxCocoaGLView.mm */,
			);
			path = src;
			sourceTree = "<group>";
		};
		4D65FB961689630E00D7B2F5 /* shaders */ = {
			isa = PBXGroup;
			children = (
				4D159999168B215400D10232 /* instancedTexTrans.frag */,
				4D15999A168B215400D10232 /* instancedTexTrans.vert */,
			);
			name = shaders;
			path = bin/data/shaders;
			sourceTree = SOURCE_ROOT;
		};
		4D65FBCE1689DCB700D7B2F5 /* ofxAssimpModelLoader */ = {
			isa = PBXGroup;
			children = (
				4D65FBCF1689DCB700D7B2F5 /* install.xml */,
				4D65FBD01689DCB700D7B2F5 /* libs */,
				4D65FBFB1689DCB700D7B2F5 /* src */,
			);
			name = ofxAssimpModelLoader;
			path = ../../../addons/ofxAssimpModelLoader;
			sourceTree = "<group>";
		};
		4D65FBD01689DCB700D7B2F5 /* libs */ = {
			isa = PBXGroup;
			children = (
				4D65FBD11689DCB700D7B2F5 /* assimp */,
			);
			path = libs;
			sourceTree = "<group>";
		};
		4D65FBD11689DCB700D7B2F5 /* assimp */ = {
			isa = PBXGroup;
			children = (
				4D65FBD21689DCB700D7B2F5 /* include */,
				4D65FBF81689DCB700D7B2F5 /* lib */,
			);
			path = assimp;
			sourceTree = "<group>";
		};
		4D65FBD21689DCB700D7B2F5 /* include */ = {
			isa = PBXGroup;
			children = (
				4D65FBD31689DCB700D7B2F5 /* aiAnim.h */,
				4D65FBD41689DCB700D7B2F5 /* aiAssert.h */,
				4D65FBD51689DCB700D7B2F5 /* aiCamera.h */,
				4D65FBD61689DCB700D7B2F5 /* aiColor4D.h */,
				4D65FBD71689DCB700D7B2F5 /* aiColor4D.inl */,
				4D65FBD81689DCB700D7B2F5 /* aiConfig.h */,
				4D65FBD91689DCB700D7B2F5 /* aiDefines.h */,
				4D65FBDA1689DCB700D7B2F5 /* aiFileIO.h */,
				4D65FBDB1689DCB700D7B2F5 /* aiLight.h */,
				4D65FBDC1689DCB700D7B2F5 /* aiMaterial.h */,
				4D65FBDD1689DCB700D7B2F5 /* aiMaterial.inl */,
				4D65FBDE1689DCB700D7B2F5 /* aiMatrix3x3.h */,
				4D65FBDF1689DCB700D7B2F5 /* aiMatrix3x3.inl */,
				4D65FBE01689DCB700D7B2F5 /* aiMatrix4x4.h */,
				4D65FBE11689DCB700D7B2F5 /* aiMatrix4x4.inl */,
				4D65FBE21689DCB700D7B2F5 /* aiMesh.h */,
				4D65FBE31689DCB700D7B2F5 /* aiPostProcess.h */,
				4D65FBE41689DCB700D7B2F5 /* aiQuaternion.h */,
				4D65FBE51689DCB700D7B2F5 /* aiScene.h */,
				4D65FBE61689DCB700D7B2F5 /* aiTexture.h */,
				4D65FBE71689DCB700D7B2F5 /* aiTypes.h */,
				4D65FBE81689DCB700D7B2F5 /* aiVector2D.h */,
				4D65FBE91689DCB700D7B2F5 /* aiVector3D.h */,
				4D65FBEA1689DCB700D7B2F5 /* aiVector3D.inl */,
				4D65FBEB1689DCB700D7B2F5 /* aiVersion.h */,
				4D65FBEC1689DCB700D7B2F5 /* assimp.h */,
				4D65FBED1689DCB700D7B2F5 /* assimp.hpp */,
				4D65FBEE1689DCB700D7B2F5 /* Compiler */,
				4D65FBF11689DCB700D7B2F5 /* DefaultLogger.h */,
				4D65FBF21689DCB700D7B2F5 /* IOStream.h */,
				4D65FBF31689DCB700D7B2F5 /* IOSystem.h */,
				4D65FBF41689DCB700D7B2F5 /* Logger.h */,
				4D65FBF51689DCB700D7B2F5 /* LogStream.h */,
				4D65FBF61689DCB700D7B2F5 /* NullLogger.h */,
				4D65FBF71689DCB700D7B2F5 /* ProgressHandler.h */,
			);
			path = include;
			sourceTree = "<group>";
		};
		4D65FBEE1689DCB700D7B2F5 /* Compiler */ = {
			isa = PBXGroup;
			children = (
				4D65FBEF1689DCB700D7B2F5 /* poppack1.h */,
				4D65FBF01689DCB700D7B2F5 /* pushpack1.h */,
			);
			path = Compiler;
			sourceTree = "<group>";
		};
		4D65FBF81689DCB700D7B2F5 /* lib */ = {
			isa = PBXGroup;
			children = (
				4D65FBF91689DCB700D7B2F5 /* osx */,
			);
			path = lib;
			sourceTree = "<group>";
		};
		4D65FBF91689DCB700D7B2F5 /* osx */ = {
			isa = PBXGroup;
			children = (
				4D65FBFA1689DCB700D7B2F5 /* assimp.a */,
			);
			path = osx;
			sourceTree = "<group>";
		};
		4D65FBFB1689DCB700D7B2F5 /* src */ = {
			isa = PBXGroup;
			children = (
				4D65FBFC1689DCB700D7B2F5 /* ofx3DBaseLoader.h */,
				4D65FBFD1689DCB700D7B2F5 /* ofxAssimpMeshHelper.h */,
				4D65FBFE1689DCB700D7B2F5 /* ofxAssimpModelLoader.cpp */,
				4D65FBFF1689DCB700D7B2F5 /* ofxAssimpModelLoader.h */,
			);
			path = src;
			sourceTree = "<group>";
		};
		4D9D72821688FFFD00CE7F68 /* ofxVboMeshInstanced */ = {
			isa = PBXGroup;
			children = (
				4D9D72831688FFFD00CE7F68 /* .gitignore */,
				4D9D72981688FFFD00CE7F68 /* README.md */,
				4D9D72991688FFFD00CE7F68 /* src */,
			);
			name = ofxVboMeshInstanced;
			path = ../../../addons/ofxVboMeshInstanced;
			sourceTree = "<group>";
		};
		4D9D72991688FFFD00CE7F68 /* src */ = {
			isa = PBXGroup;
			children = (
				4D9D729A1688FFFD00CE7F68 /* ofxVboMeshInstanced.cpp */,
				4D9D729B1688FFFD00CE7F68 /* ofxVboMeshInstanced.h */,
			);
			path = src;
			sourceTree = "<group>";
		};
		4D9D72B91689002600CE7F68 /* ofxVectorMath */ = {
			isa = PBXGroup;
			children = (
				4D9D72BA1689002600CE7F68 /* src */,
			);
			name = ofxVectorMath;
			path = ../../../addons/ofxVectorMath;
			sourceTree = "<group>";
		};
		4D9D72BA1689002600CE7F68 /* src */ = {
			isa = PBXGroup;
			children = (
				4D9D72BB1689002600CE7F68 /* ofxMatrix3x3.h */,
				4D9D72BC1689002600CE7F68 /* ofxMatrix4x4.h */,
				4D9D72BD1689002600CE7F68 /* ofxPoint2f.h */,
				4D9D72BE1689002600CE7F68 /* ofxPoint3f.h */,
				4D9D72BF1689002600CE7F68 /* ofxPoint4f.h */,
				4D9D72C01689002600CE7F68 /* ofxQuaternion.h */,
				4D9D72C11689002600CE7F68 /* ofxVec2f.h */,
				4D9D72C21689002600CE7F68 /* ofxVec3f.h */,
				4D9D72C31689002600CE7F68 /* ofxVec4f.h */,
				4D9D72C41689002600CE7F68 /* ofxVectorMath.h */,
			);
			path = src;
			sourceTree = "<group>";
		};
		4D9D72C51689005500CE7F68 /* ofxDirList */ = {
			isa = PBXGroup;
			children = (
				4D9D72C61689005500CE7F68 /* doc */,
				4D9D72C81689005500CE7F68 /* install.xml */,
				4D9D72C91689005500CE7F68 /* src */,
			);
			name = ofxDirList;
			path = ../../../addons/ofxDirList;
			sourceTree = "<group>";
		};
		4D9D72C61689005500CE7F68 /* doc */ = {
			isa = PBXGroup;
			children = (
				4D9D72C71689005500CE7F68 /* Instructions.txt */,
			);
			path = doc;
			sourceTree = "<group>";
		};
		4D9D72C91689005500CE7F68 /* src */ = {
			isa = PBXGroup;
			children = (
				4D9D72CA1689005500CE7F68 /* ofxDirList.h */,
			);
			path = src;
			sourceTree = "<group>";
		};
		6A9DE85A1A943B7800FE300A /* ofxRay */ = {
			isa = PBXGroup;
			children = (
				6A9DE8981A943B7800FE300A /* ofxRayLib */,
				6A9DE89B1A943B7800FE300A /* readme.md */,
				6A9DE89C1A943B7900FE300A /* src */,
			);
			name = ofxRay;
			path = ../../../addons/ofxRay;
			sourceTree = "<group>";
		};
		6A9DE8981A943B7800FE300A /* ofxRayLib */ = {
			isa = PBXGroup;
			children = (
				6A9DE8991A943B7800FE300A /* ofxRayLib.vcxproj */,
				6A9DE89A1A943B7800FE300A /* ofxRayLib.vcxproj.filters */,
			);
			path = ofxRayLib;
			sourceTree = "<group>";
		};
		6A9DE89C1A943B7900FE300A /* src */ = {
			isa = PBXGroup;
			children = (
				6A9DE89D1A943B7900FE300A /* ofxRay */,
				6A9DE8A81A943B7900FE300A /* ofxRay.h */,
			);
			path = src;
			sourceTree = "<group>";
		};
		6A9DE89D1A943B7900FE300A /* ofxRay */ = {
			isa = PBXGroup;
			children = (
				6A9DE89E1A943B7900FE300A /* Base.cpp */,
				6A9DE89F1A943B7900FE300A /* Base.h */,
				6A9DE8A01A943B7900FE300A /* Camera.cpp */,
				6A9DE8A11A943B7900FE300A /* Camera.h */,
				6A9DE8A21A943B7900FE300A /* Plane.cpp */,
				6A9DE8A31A943B7900FE300A /* Plane.h */,
				6A9DE8A41A943B7900FE300A /* Projector.cpp */,
				6A9DE8A51A943B7900FE300A /* Projector.h */,
				6A9DE8A61A943B7900FE300A /* Ray.cpp */,
				6A9DE8A71A943B7900FE300A /* Ray.h */,
			);
			path = ofxRay;
			sourceTree = "<group>";
		};
		6A9DE8E11A9445D800FE300A /* ofxModifierKeys */ = {
			isa = PBXGroup;
			children = (
				6A9DE8F51A9445D900FE300A /* src */,
			);
			name = ofxModifierKeys;
			path = ../../../addons/ofxModifierKeys;
			sourceTree = "<group>";
		};
		6A9DE8F51A9445D900FE300A /* src */ = {
			isa = PBXGroup;
			children = (
				6A9DE8F61A9445D900FE300A /* ofxModifierKeys.h */,
				6A9DE8F71A9445D900FE300A /* ofxModifierKeys_impl_linux.cpp */,
				6A9DE8F81A9445D900FE300A /* ofxModifierKeys_impl_mac.mm */,
				6A9DE8F91A9445D900FE300A /* ofxModifierKeys_impl_win.cpp */,
			);
			path = src;
			sourceTree = "<group>";
		};
		6e54289412d2d94f45a051132369530c /* libs */ = {
			isa = PBXGroup;
			children = (
				2b40eda85beb63e46785bc299a638898 /* tinyxml.cpp */,
				b21e7e5f548eea92f368040bb1aa2f69 /* tinyxml.h */,
				832bdc407620cdba568b713d2252c43c /* tinyxmlerror.cpp */,
				fc5da1c87211d4f6377da7199d8c5a1e /* tinyxmlparser.cpp */,
			);
			name = libs;
			sourceTree = "<group>";
		};
		6ecef0d76bc33727823eadffc320c44d /* src */ = {
			isa = PBXGroup;
			children = (
				50df87d612c5aae17aafa6c02c6bc570 /* ofxXmlSettings.cpp */,
				01dcc0911400f9acf5b65578af4ec8f9 /* ofxXmlSettings.h */,
			);
			name = src;
			sourceTree = "<group>";
		};
		BB4B014C10F69532006C3DED /* addons */ = {
			isa = PBXGroup;
			children = (
				6A9DE8E11A9445D800FE300A /* ofxModifierKeys */,
				6A9DE85A1A943B7800FE300A /* ofxRay */,
				4D4F589117E0175D00E72686 /* ofxCocoaGLView */,
				4D65FBCE1689DCB700D7B2F5 /* ofxAssimpModelLoader */,
				4D9D72C51689005500CE7F68 /* ofxDirList */,
				4D9D72B91689002600CE7F68 /* ofxVectorMath */,
				4D9D72821688FFFD00CE7F68 /* ofxVboMeshInstanced */,
				1f4fb5c423662b96adfdcc0badec1cb0 /* ofxXmlSettings */,
			);
			name = addons;
			sourceTree = "<group>";
		};
		BBAB23C913894ECA00AA2426 /* system frameworks */ = {
			isa = PBXGroup;
			children = (
				E4C2424410CC5A17004149E2 /* AppKit.framework */,
				E4C2424510CC5A17004149E2 /* Cocoa.framework */,
				E4C2424610CC5A17004149E2 /* IOKit.framework */,
				E45BE9710E8CC7DD009D7055 /* AGL.framework */,
				E45BE9720E8CC7DD009D7055 /* ApplicationServices.framework */,
				E45BE9730E8CC7DD009D7055 /* AudioToolbox.framework */,
				E45BE9740E8CC7DD009D7055 /* Carbon.framework */,
				E45BE9750E8CC7DD009D7055 /* CoreAudio.framework */,
				E45BE9760E8CC7DD009D7055 /* CoreFoundation.framework */,
				E45BE9770E8CC7DD009D7055 /* CoreServices.framework */,
				E45BE9790E8CC7DD009D7055 /* OpenGL.framework */,
				E45BE97A0E8CC7DD009D7055 /* QuickTime.framework */,
			);
			name = "system frameworks";
			sourceTree = "<group>";
		};
		BBAB23CA13894EDB00AA2426 /* 3rd party frameworks */ = {
			isa = PBXGroup;
			children = (
				BBAB23BE13894E4700AA2426 /* GLUT.framework */,
			);
			name = "3rd party frameworks";
			sourceTree = "<group>";
		};
		E4328144138ABC890047C5CB /* Products */ = {
			isa = PBXGroup;
			children = (
				E4328148138ABC890047C5CB /* openFrameworksDebug.a */,
			);
			name = Products;
			sourceTree = "<group>";
		};
		E45BE5980E8CC70C009D7055 /* frameworks */ = {
			isa = PBXGroup;
			children = (
				BBAB23CA13894EDB00AA2426 /* 3rd party frameworks */,
				BBAB23C913894ECA00AA2426 /* system frameworks */,
			);
			name = frameworks;
			sourceTree = "<group>";
		};
		E4B69B4A0A3A1720003C02F2 = {
			isa = PBXGroup;
			children = (
				6A9883851A834F6A004322D7 /* AVFoundation.framework */,
				6A9883831A834E08004322D7 /* QuartzCore.framework */,
				6A9883811A834DF9004322D7 /* Quartz.framework */,
				E4B6FCAD0C3E899E008CF71C /* openFrameworks-Info.plist */,
				4D9D72471688FE6500CE7F68 /* Project_extra.xcconfig */,
				E4EB6923138AFD0F00A09F29 /* Project.xcconfig */,
				4D31ABA117E1EA6E0026C218 /* data */,
				E4B69E1C0A3A1BDC003C02F2 /* src */,
				E4EEC9E9138DF44700A80321 /* openFrameworks */,
				BB4B014C10F69532006C3DED /* addons */,
				E45BE5980E8CC70C009D7055 /* frameworks */,
				E4B69B5B0A3A1756003C02F2 /* renatureModeller_rev024_Debug.app */,
			);
			sourceTree = "<group>";
		};
		E4B69E1C0A3A1BDC003C02F2 /* src */ = {
			isa = PBXGroup;
			children = (
				4D4F587C17E015C300E72686 /* cocoa */,
				4D65FB961689630E00D7B2F5 /* shaders */,
				E4B69E1F0A3A1BDC003C02F2 /* rnApp.h */,
				E4B69E1E0A3A1BDC003C02F2 /* rnApp.mm */,
				4D339CC916B24F9300B46DA0 /* rnApp_collision.cpp */,
				4D339CC616B24E6300B46DA0 /* rnApp_connect.cpp */,
				4D37C1A51692E2EC006FD104 /* instancedComponent.h */,
				4DA082A41693D7C300DF20AD /* instancedComponent.cpp */,
				4DA082A61693E5CD00DF20AD /* ofxMtb.h */,
				4DA082B21693F01900DF20AD /* ofxMtb.cpp */,
				4D3A44BC16A4F8AE00328314 /* collisionTester.cpp */,
				4D3A44BD16A4F8AE00328314 /* collisionTester.h */,
				4DB98A8116AD4A0900F0864B /* performanceMemo.rtf */,
				4D27813016AF3FB800BBD8E2 /* myDef.h */,
				6ADC93231A888AC400512491 /* rnTestCase.cpp */,
				6ADC93241A888AC400512491 /* rnTestCase.h */,
				6AE555DA1A95F3270048F863 /* GL_ShapeDrawer.cpp */,
				6AE555DB1A95F3270048F863 /* GL_ShapeDrawer.h */,
				6AE555DD1A95F33F0048F863 /* GLDebugDrawer.cpp */,
				6AE555DE1A95F33F0048F863 /* GLDebugDrawer.h */,
			);
			path = src;
			sourceTree = SOURCE_ROOT;
		};
		E4EEC9E9138DF44700A80321 /* openFrameworks */ = {
			isa = PBXGroup;
			children = (
				E4EB691F138AFCF100A09F29 /* CoreOF.xcconfig */,
				E4328143138ABC890047C5CB /* openFrameworksLib.xcodeproj */,
			);
			name = openFrameworks;
			sourceTree = "<group>";
		};
/* End PBXGroup section */

/* Begin PBXNativeTarget section */
		E4B69B5A0A3A1756003C02F2 /* instancedModeler_rev02 */ = {
			isa = PBXNativeTarget;
			buildConfigurationList = E4B69B5F0A3A1757003C02F2 /* Build configuration list for PBXNativeTarget "instancedModeler_rev02" */;
			buildPhases = (
				E4B69B580A3A1756003C02F2 /* Sources */,
				E4B69B590A3A1756003C02F2 /* Frameworks */,
				E4B6FFFD0C3F9AB9008CF71C /* so */,
				E4C2427710CC5ABF004149E2 /* CopyFiles */,
				4D4F58CE17E01C9200E72686 /* Resources */,
			);
			buildRules = (
			);
			dependencies = (
				E4EEB9AC138B136A00A80321 /* PBXTargetDependency */,
			);
			name = instancedModeler_rev02;
			productName = myOFApp;
			productReference = E4B69B5B0A3A1756003C02F2 /* renatureModeller_rev024_Debug.app */;
			productType = "com.apple.product-type.application";
		};
/* End PBXNativeTarget section */

/* Begin PBXProject section */
		E4B69B4C0A3A1720003C02F2 /* Project object */ = {
			isa = PBXProject;
			attributes = {
				LastUpgradeCheck = 0450;
			};
			buildConfigurationList = E4B69B4D0A3A1720003C02F2 /* Build configuration list for PBXProject "instancedModeler_rev02" */;
			compatibilityVersion = "Xcode 3.2";
			developmentRegion = English;
			hasScannedForEncodings = 0;
			knownRegions = (
				English,
				Japanese,
				French,
				German,
				en,
			);
			mainGroup = E4B69B4A0A3A1720003C02F2;
			productRefGroup = E4B69B4A0A3A1720003C02F2;
			projectDirPath = "";
			projectReferences = (
				{
					ProductGroup = E4328144138ABC890047C5CB /* Products */;
					ProjectRef = E4328143138ABC890047C5CB /* openFrameworksLib.xcodeproj */;
				},
			);
			projectRoot = "";
			targets = (
				E4B69B5A0A3A1756003C02F2 /* instancedModeler_rev02 */,
			);
		};
/* End PBXProject section */

/* Begin PBXReferenceProxy section */
		E4328148138ABC890047C5CB /* openFrameworksDebug.a */ = {
			isa = PBXReferenceProxy;
			fileType = archive.ar;
			path = openFrameworksDebug.a;
			remoteRef = E4328147138ABC890047C5CB /* PBXContainerItemProxy */;
			sourceTree = BUILT_PRODUCTS_DIR;
		};
/* End PBXReferenceProxy section */

/* Begin PBXResourcesBuildPhase section */
		4D4F58CE17E01C9200E72686 /* Resources */ = {
			isa = PBXResourcesBuildPhase;
			buildActionMask = 2147483647;
			files = (
				6AB3BBB31A955A4D00DC74F9 /* MainWindow.xib in Resources */,
				6AB3BBB21A955A4800DC74F9 /* MainMenu.xib in Resources */,
				6AB3BBAF1A94F9B900DC74F9 /* openFrameworks-Info.plist in Resources */,
				4D1F79D117E44867006DA349 /* UserDefaults.plist in Resources */,
			);
			runOnlyForDeploymentPostprocessing = 0;
		};
/* End PBXResourcesBuildPhase section */

/* Begin PBXShellScriptBuildPhase section */
		E4B6FFFD0C3F9AB9008CF71C /* so */ = {
			isa = PBXShellScriptBuildPhase;
			buildActionMask = 2147483647;
			files = (
			);
			inputPaths = (
			);
			name = so;
			outputPaths = (
			);
			runOnlyForDeploymentPostprocessing = 0;
			shellPath = /bin/sh;
			shellScript = "cp -f ../../../libs/fmodex/lib/osx/libfmodex.dylib \"$TARGET_BUILD_DIR/$PRODUCT_NAME.app/Contents/MacOS/libfmodex.dylib\"; install_name_tool -change ./libfmodex.dylib @executable_path/libfmodex.dylib \"$TARGET_BUILD_DIR/$PRODUCT_NAME.app/Contents/MacOS/$PRODUCT_NAME\";\n";
		};
/* End PBXShellScriptBuildPhase section */

/* Begin PBXSourcesBuildPhase section */
		E4B69B580A3A1756003C02F2 /* Sources */ = {
			isa = PBXSourcesBuildPhase;
			buildActionMask = 2147483647;
			files = (
				E4B69E200A3A1BDC003C02F2 /* main.mm in Sources */,
				6AE555DF1A95F33F0048F863 /* GLDebugDrawer.cpp in Sources */,
				E4B69E210A3A1BDC003C02F2 /* rnApp.mm in Sources */,
				63b57ac5bf4ef088491e0317dbb2ecaa /* ofxXmlSettings.cpp in Sources */,
				933a2227713c720ceff80fd967d0a8ee /* tinyxml.cpp in Sources */,
				9d44dc88ef9e7991b4a09951e2e4769f /* tinyxmlerror.cpp in Sources */,
				5a4349e9754d6fa14c0f2a3a1abc30b6 /* tinyxmlparser.cpp in Sources */,
				4D9D72B81688FFFD00CE7F68 /* ofxVboMeshInstanced.cpp in Sources */,
				4D65FC011689DCB700D7B2F5 /* ofxAssimpModelLoader.cpp in Sources */,
				4D15999B168B215400D10232 /* instancedTexTrans.frag in Sources */,
				4D15999C168B215400D10232 /* instancedTexTrans.vert in Sources */,
				4DA082A51693D7C300DF20AD /* instancedComponent.cpp in Sources */,
				4DA082B31693F01900DF20AD /* ofxMtb.cpp in Sources */,
				6AE555DC1A95F3270048F863 /* GL_ShapeDrawer.cpp in Sources */,
				6A9DE9051A9445D900FE300A /* ofxModifierKeys_impl_mac.mm in Sources */,
				6A9DE8D11A943B7900FE300A /* Ray.cpp in Sources */,
				6A9DE9041A9445D900FE300A /* ofxModifierKeys_impl_linux.cpp in Sources */,
				6A9DE8D01A943B7900FE300A /* Projector.cpp in Sources */,
				6A9DE8CE1A943B7900FE300A /* Camera.cpp in Sources */,
				6A9DE8CD1A943B7900FE300A /* Base.cpp in Sources */,
				4D3A44BE16A4F8AE00328314 /* collisionTester.cpp in Sources */,
				6ADC93251A888AC400512491 /* rnTestCase.cpp in Sources */,
				6A9DE9061A9445D900FE300A /* ofxModifierKeys_impl_win.cpp in Sources */,
				6A9DE8CF1A943B7900FE300A /* Plane.cpp in Sources */,
				6A9DE8CC1A943B7900FE300A /* readme.md in Sources */,
				4D339CC816B24E6300B46DA0 /* rnApp_connect.cpp in Sources */,
				4D339CCB16B24F9300B46DA0 /* rnApp_collision.cpp in Sources */,
				4D4F588817E015C300E72686 /* AppDelegate.mm in Sources */,
				4D4F588917E015C300E72686 /* PreferenceController.mm in Sources */,
				4D4F588A17E015C300E72686 /* rnMainGLView.mm in Sources */,
				4D4F588B17E015C300E72686 /* MainWindowController.mm in Sources */,
				4D4F58C717E0175E00E72686 /* ofxCocoaGLView.mm in Sources */,
			);
			runOnlyForDeploymentPostprocessing = 0;
		};
/* End PBXSourcesBuildPhase section */

/* Begin PBXTargetDependency section */
		E4EEB9AC138B136A00A80321 /* PBXTargetDependency */ = {
			isa = PBXTargetDependency;
			name = openFrameworks;
			targetProxy = E4EEB9AB138B136A00A80321 /* PBXContainerItemProxy */;
		};
/* End PBXTargetDependency section */

/* Begin XCBuildConfiguration section */
		E4B69B4E0A3A1720003C02F2 /* Debug */ = {
			isa = XCBuildConfiguration;
			baseConfigurationReference = E4EB6923138AFD0F00A09F29 /* Project.xcconfig */;
			buildSettings = {
				ALWAYS_SEARCH_USER_PATHS = YES;
				ARCHS = "$(ARCHS_STANDARD_32_BIT)";
				CLANG_CXX_LANGUAGE_STANDARD = "compiler-default";
				CLANG_CXX_LIBRARY = "libstdc++";
				CONFIGURATION_BUILD_DIR = "$(SRCROOT)/bin/";
				COPY_PHASE_STRIP = NO;
				DEAD_CODE_STRIPPING = YES;
				GCC_AUTO_VECTORIZATION = YES;
				GCC_ENABLE_SSE3_EXTENSIONS = YES;
				GCC_ENABLE_SUPPLEMENTAL_SSE3_INSTRUCTIONS = YES;
				GCC_INLINES_ARE_PRIVATE_EXTERN = NO;
				GCC_OPTIMIZATION_LEVEL = 0;
				GCC_PREPROCESSOR_DEFINITIONS = "";
				GCC_SYMBOLS_PRIVATE_EXTERN = NO;
				GCC_WARN_ABOUT_DEPRECATED_FUNCTIONS = NO;
				GCC_WARN_ABOUT_INVALID_OFFSETOF_MACRO = NO;
				GCC_WARN_ALLOW_INCOMPLETE_PROTOCOL = NO;
				GCC_WARN_UNINITIALIZED_AUTOS = NO;
				GCC_WARN_UNUSED_VALUE = NO;
				GCC_WARN_UNUSED_VARIABLE = NO;
				HEADER_SEARCH_PATHS = (
					"$(OF_CORE_HEADERS)",
					../../../addons/bullet281/src,
					"$(EXTRA_HEADERS)",
				);
				LIBRARY_SEARCH_PATHS = ../../../addons/bullet281/libs;
				MACOSX_DEPLOYMENT_TARGET = 10.7;
				OTHER_CPLUSPLUSFLAGS = (
					"-D__MACOSX_CORE__",
					"-lpthread",
					"-mtune=native",
				);
				OTHER_LDFLAGS = (
					"$(OF_CORE_LIBS)",
					"$(EXTRA_LIBS)",
					"-headerpad_max_install_names",
				);
				SCAN_ALL_SOURCE_FILES_FOR_INCLUDES = YES;
				SDKROOT = macosx10.9;
				USER_HEADER_SEARCH_PATHS = "";
			};
			name = Debug;
		};
		E4B69B4F0A3A1720003C02F2 /* Release */ = {
			isa = XCBuildConfiguration;
			baseConfigurationReference = E4EB6923138AFD0F00A09F29 /* Project.xcconfig */;
			buildSettings = {
				ALWAYS_SEARCH_USER_PATHS = YES;
				ARCHS = "$(ARCHS_STANDARD_32_BIT)";
				CLANG_CXX_LANGUAGE_STANDARD = "compiler-default";
				CLANG_CXX_LIBRARY = "libstdc++";
				CONFIGURATION_BUILD_DIR = "$(SRCROOT)/bin/";
				COPY_PHASE_STRIP = YES;
				DEAD_CODE_STRIPPING = YES;
				GCC_AUTO_VECTORIZATION = YES;
				GCC_ENABLE_SSE3_EXTENSIONS = YES;
				GCC_ENABLE_SUPPLEMENTAL_SSE3_INSTRUCTIONS = YES;
				GCC_INLINES_ARE_PRIVATE_EXTERN = NO;
				GCC_OPTIMIZATION_LEVEL = 3;
				GCC_PREPROCESSOR_DEFINITIONS = NDEBUG;
				GCC_SYMBOLS_PRIVATE_EXTERN = NO;
				GCC_UNROLL_LOOPS = YES;
				GCC_WARN_ABOUT_DEPRECATED_FUNCTIONS = NO;
				GCC_WARN_ABOUT_INVALID_OFFSETOF_MACRO = NO;
				GCC_WARN_ALLOW_INCOMPLETE_PROTOCOL = NO;
				GCC_WARN_UNINITIALIZED_AUTOS = NO;
				GCC_WARN_UNUSED_VALUE = NO;
				GCC_WARN_UNUSED_VARIABLE = NO;
				HEADER_SEARCH_PATHS = (
					"$(OF_CORE_HEADERS)",
					../../../addons/bullet281/src,
					"$(EXTRA_HEADERS)",
				);
				LIBRARY_SEARCH_PATHS = ../../../addons/bullet281/libs;
				MACOSX_DEPLOYMENT_TARGET = 10.7;
				OTHER_CPLUSPLUSFLAGS = (
					"-D__MACOSX_CORE__",
					"-lpthread",
					"-mtune=native",
				);
				OTHER_LDFLAGS = (
					"$(OF_CORE_LIBS)",
					"$(EXTRA_LIBS)",
					"-headerpad_max_install_names",
				);
				SCAN_ALL_SOURCE_FILES_FOR_INCLUDES = YES;
				SDKROOT = macosx10.9;
				USER_HEADER_SEARCH_PATHS = "";
			};
			name = Release;
		};
		E4B69B600A3A1757003C02F2 /* Debug */ = {
			isa = XCBuildConfiguration;
			buildSettings = {
				ARCHS = "$(ARCHS_STANDARD_32_BIT)";
				CLANG_CXX_LIBRARY = "libstdc++";
				COMBINE_HIDPI_IMAGES = YES;
				COPY_PHASE_STRIP = NO;
				FRAMEWORK_SEARCH_PATHS = (
					"$(inherited)",
					"$(FRAMEWORK_SEARCH_PATHS_QUOTED_FOR_TARGET_1)",
					"\"$(SRCROOT)/../../../libs/glut/lib/osx\"",
				);
				FRAMEWORK_SEARCH_PATHS_QUOTED_FOR_TARGET_1 = "\"$(SRCROOT)/../../../libs/glut/lib/osx\"";
				GCC_DYNAMIC_NO_PIC = NO;
				GCC_GENERATE_DEBUGGING_SYMBOLS = YES;
				GCC_MODEL_TUNING = NONE;
				GCC_PRECOMPILE_PREFIX_HEADER = YES;
				GCC_PREFIX_HEADER = "$(SYSTEM_LIBRARY_DIR)/Frameworks/Carbon.framework/Headers/Carbon.h";
				HEADER_SEARCH_PATHS = (
					"$(OF_CORE_HEADERS)",
					"$(EXTRA_HEADERS)",
					../../../addons/ofxRay/src,
					../../../addons/ofxRay/src/ofxRay,
					../../../addons/ofxRay/libs,
				);
				INFOPLIST_FILE = "openFrameworks-Info.plist";
				INSTALL_PATH = "$(HOME)/Applications";
				LIBRARY_SEARCH_PATHS = (
					"$(inherited)",
					"$(LIBRARY_SEARCH_PATHS_QUOTED_FOR_TARGET_1)",
					"$(LIBRARY_SEARCH_PATHS_QUOTED_FOR_TARGET_2)",
					"$(LIBRARY_SEARCH_PATHS_QUOTED_FOR_TARGET_3)",
					"$(LIBRARY_SEARCH_PATHS_QUOTED_FOR_TARGET_4)",
					"$(LIBRARY_SEARCH_PATHS_QUOTED_FOR_TARGET_5)",
					"$(LIBRARY_SEARCH_PATHS_QUOTED_FOR_TARGET_6)",
					"$(LIBRARY_SEARCH_PATHS_QUOTED_FOR_TARGET_7)",
					"$(LIBRARY_SEARCH_PATHS_QUOTED_FOR_TARGET_8)",
					"$(LIBRARY_SEARCH_PATHS_QUOTED_FOR_TARGET_9)",
					"$(LIBRARY_SEARCH_PATHS_QUOTED_FOR_TARGET_10)",
					"$(LIBRARY_SEARCH_PATHS_QUOTED_FOR_TARGET_11)",
					"$(LIBRARY_SEARCH_PATHS_QUOTED_FOR_TARGET_12)",
					"$(LIBRARY_SEARCH_PATHS_QUOTED_FOR_TARGET_13)",
					"$(LIBRARY_SEARCH_PATHS_QUOTED_FOR_TARGET_14)",
					"$(LIBRARY_SEARCH_PATHS_QUOTED_FOR_TARGET_15)",
					"$(LIBRARY_SEARCH_PATHS_QUOTED_FOR_TARGET_2)",
					"$(LIBRARY_SEARCH_PATHS_QUOTED_FOR_TARGET_3)",
					"$(LIBRARY_SEARCH_PATHS_QUOTED_FOR_TARGET_7)",
					"$(LIBRARY_SEARCH_PATHS_QUOTED_FOR_TARGET_8)",
					"$(LIBRARY_SEARCH_PATHS_QUOTED_FOR_TARGET_9)",
					"$(LIBRARY_SEARCH_PATHS_QUOTED_FOR_TARGET_10)",
					"$(LIBRARY_SEARCH_PATHS_QUOTED_FOR_TARGET_11)",
					"$(LIBRARY_SEARCH_PATHS_QUOTED_FOR_TARGET_12)",
					"$(LIBRARY_SEARCH_PATHS_QUOTED_FOR_TARGET_13)",
					"$(LIBRARY_SEARCH_PATHS_QUOTED_FOR_TARGET_16)",
					"$(LIBRARY_SEARCH_PATHS_QUOTED_FOR_TARGET_17)",
					"$(LIBRARY_SEARCH_PATHS_QUOTED_FOR_TARGET_18)",
					"$(LIBRARY_SEARCH_PATHS_QUOTED_FOR_TARGET_19)",
					"$(LIBRARY_SEARCH_PATHS_QUOTED_FOR_TARGET_20)",
					"$(LIBRARY_SEARCH_PATHS_QUOTED_FOR_TARGET_21)",
					"$(LIBRARY_SEARCH_PATHS_QUOTED_FOR_TARGET_22)",
					"$(LIBRARY_SEARCH_PATHS_QUOTED_FOR_TARGET_23)",
					"$(LIBRARY_SEARCH_PATHS_QUOTED_FOR_TARGET_24)",
					"$(LIBRARY_SEARCH_PATHS_QUOTED_FOR_TARGET_25)",
					"$(LIBRARY_SEARCH_PATHS_QUOTED_FOR_TARGET_26)",
					"$(LIBRARY_SEARCH_PATHS_QUOTED_FOR_TARGET_27)",
					"$(LIBRARY_SEARCH_PATHS_QUOTED_FOR_TARGET_28)",
					"$(LIBRARY_SEARCH_PATHS_QUOTED_FOR_TARGET_29)",
					"$(LIBRARY_SEARCH_PATHS_QUOTED_FOR_TARGET_30)",
					"$(LIBRARY_SEARCH_PATHS_QUOTED_FOR_TARGET_31)",
					"$(LIBRARY_SEARCH_PATHS_QUOTED_FOR_TARGET_32)",
					"$(LIBRARY_SEARCH_PATHS_QUOTED_FOR_TARGET_33)",
					"$(LIBRARY_SEARCH_PATHS_QUOTED_FOR_TARGET_34)",
					"$(LIBRARY_SEARCH_PATHS_QUOTED_FOR_TARGET_35)",
					"$(LIBRARY_SEARCH_PATHS_QUOTED_FOR_TARGET_36)",
					"$(LIBRARY_SEARCH_PATHS_QUOTED_FOR_TARGET_37)",
					"$(LIBRARY_SEARCH_PATHS_QUOTED_FOR_TARGET_38)",
					"$(LIBRARY_SEARCH_PATHS_QUOTED_FOR_TARGET_39)",
					"$(LIBRARY_SEARCH_PATHS_QUOTED_FOR_TARGET_40)",
					"$(LIBRARY_SEARCH_PATHS_QUOTED_FOR_TARGET_41)",
					"$(LIBRARY_SEARCH_PATHS_QUOTED_FOR_TARGET_42)",
					"$(LIBRARY_SEARCH_PATHS_QUOTED_FOR_TARGET_43)",
					"$(LIBRARY_SEARCH_PATHS_QUOTED_FOR_TARGET_44)",
					"$(LIBRARY_SEARCH_PATHS_QUOTED_FOR_TARGET_45)",
					"$(LIBRARY_SEARCH_PATHS_QUOTED_FOR_TARGET_46)",
					"$(LIBRARY_SEARCH_PATHS_QUOTED_FOR_TARGET_47)",
					"$(LIBRARY_SEARCH_PATHS_QUOTED_FOR_TARGET_48)",
					"$(LIBRARY_SEARCH_PATHS_QUOTED_FOR_TARGET_49)",
					"$(LIBRARY_SEARCH_PATHS_QUOTED_FOR_TARGET_50)",
					"$(LIBRARY_SEARCH_PATHS_QUOTED_FOR_TARGET_51)",
					"$(LIBRARY_SEARCH_PATHS_QUOTED_FOR_TARGET_52)",
					"$(LIBRARY_SEARCH_PATHS_QUOTED_FOR_TARGET_1)",
					"\"$(SRCROOT)/../../../addons/tbb41_20121003oss/lib\"",
				);
				LIBRARY_SEARCH_PATHS_QUOTED_FOR_TARGET_1 = "\"$(SRCROOT)/../../../addons/ofxAssimpModelLoader/libs/assimp/lib/osx\"";
				MACOSX_DEPLOYMENT_TARGET = 10.7;
				OTHER_LDFLAGS = (
					"$(OF_CORE_LIBS)",
					"$(EXTRA_LIBS)",
					"-headerpad_max_install_names",
				);
				PRODUCT_NAME = renatureModeller_rev024_Debug;
				SDKROOT = macosx10.9;
				WRAPPER_EXTENSION = app;
			};
			name = Debug;
		};
		E4B69B610A3A1757003C02F2 /* Release */ = {
			isa = XCBuildConfiguration;
			buildSettings = {
				ARCHS = "$(ARCHS_STANDARD_32_BIT)";
				CLANG_CXX_LIBRARY = "libstdc++";
				COMBINE_HIDPI_IMAGES = YES;
				COPY_PHASE_STRIP = YES;
				FRAMEWORK_SEARCH_PATHS = (
					"$(inherited)",
					"$(FRAMEWORK_SEARCH_PATHS_QUOTED_FOR_TARGET_1)",
					"\"$(SRCROOT)/../../../libs/glut/lib/osx\"",
				);
				FRAMEWORK_SEARCH_PATHS_QUOTED_FOR_TARGET_1 = "\"$(SRCROOT)/../../../libs/glut/lib/osx\"";
				GCC_GENERATE_DEBUGGING_SYMBOLS = YES;
				GCC_MODEL_TUNING = NONE;
				GCC_PRECOMPILE_PREFIX_HEADER = YES;
				GCC_PREFIX_HEADER = "$(SYSTEM_LIBRARY_DIR)/Frameworks/Carbon.framework/Headers/Carbon.h";
				HEADER_SEARCH_PATHS = (
					"$(OF_CORE_HEADERS)",
					"$(EXTRA_HEADERS)",
					../../../addons/ofxRay/src,
					../../../addons/ofxRay/src/ofxRay,
					../../../addons/ofxRay/libs,
				);
				INFOPLIST_FILE = "openFrameworks-Info.plist";
				INSTALL_PATH = "$(HOME)/Applications";
				LIBRARY_SEARCH_PATHS = (
					"$(inherited)",
					"$(LIBRARY_SEARCH_PATHS_QUOTED_FOR_TARGET_1)",
					"$(LIBRARY_SEARCH_PATHS_QUOTED_FOR_TARGET_2)",
					"$(LIBRARY_SEARCH_PATHS_QUOTED_FOR_TARGET_3)",
					"$(LIBRARY_SEARCH_PATHS_QUOTED_FOR_TARGET_4)",
					"$(LIBRARY_SEARCH_PATHS_QUOTED_FOR_TARGET_5)",
					"$(LIBRARY_SEARCH_PATHS_QUOTED_FOR_TARGET_6)",
					"$(LIBRARY_SEARCH_PATHS_QUOTED_FOR_TARGET_7)",
					"$(LIBRARY_SEARCH_PATHS_QUOTED_FOR_TARGET_8)",
					"$(LIBRARY_SEARCH_PATHS_QUOTED_FOR_TARGET_9)",
					"$(LIBRARY_SEARCH_PATHS_QUOTED_FOR_TARGET_10)",
					"$(LIBRARY_SEARCH_PATHS_QUOTED_FOR_TARGET_11)",
					"$(LIBRARY_SEARCH_PATHS_QUOTED_FOR_TARGET_12)",
					"$(LIBRARY_SEARCH_PATHS_QUOTED_FOR_TARGET_13)",
					"$(LIBRARY_SEARCH_PATHS_QUOTED_FOR_TARGET_14)",
					"$(LIBRARY_SEARCH_PATHS_QUOTED_FOR_TARGET_15)",
					"$(LIBRARY_SEARCH_PATHS_QUOTED_FOR_TARGET_2)",
					"$(LIBRARY_SEARCH_PATHS_QUOTED_1)",
					"$(LIBRARY_SEARCH_PATHS_QUOTED_FOR_TARGET_3)",
					"$(LIBRARY_SEARCH_PATHS_QUOTED_FOR_TARGET_7)",
					"$(LIBRARY_SEARCH_PATHS_QUOTED_FOR_TARGET_8)",
					"$(LIBRARY_SEARCH_PATHS_QUOTED_FOR_TARGET_9)",
					"$(LIBRARY_SEARCH_PATHS_QUOTED_FOR_TARGET_10)",
					"$(LIBRARY_SEARCH_PATHS_QUOTED_FOR_TARGET_11)",
					"$(LIBRARY_SEARCH_PATHS_QUOTED_FOR_TARGET_12)",
					"$(LIBRARY_SEARCH_PATHS_QUOTED_FOR_TARGET_13)",
					"$(LIBRARY_SEARCH_PATHS_QUOTED_FOR_TARGET_16)",
					"$(LIBRARY_SEARCH_PATHS_QUOTED_FOR_TARGET_17)",
					"$(LIBRARY_SEARCH_PATHS_QUOTED_FOR_TARGET_18)",
					"$(LIBRARY_SEARCH_PATHS_QUOTED_FOR_TARGET_19)",
					"$(LIBRARY_SEARCH_PATHS_QUOTED_FOR_TARGET_20)",
					"$(LIBRARY_SEARCH_PATHS_QUOTED_FOR_TARGET_21)",
					"$(LIBRARY_SEARCH_PATHS_QUOTED_FOR_TARGET_22)",
					"$(LIBRARY_SEARCH_PATHS_QUOTED_FOR_TARGET_23)",
					"$(LIBRARY_SEARCH_PATHS_QUOTED_FOR_TARGET_24)",
					"$(LIBRARY_SEARCH_PATHS_QUOTED_FOR_TARGET_25)",
					"$(LIBRARY_SEARCH_PATHS_QUOTED_FOR_TARGET_26)",
					"$(LIBRARY_SEARCH_PATHS_QUOTED_FOR_TARGET_27)",
					"$(LIBRARY_SEARCH_PATHS_QUOTED_FOR_TARGET_28)",
					"$(LIBRARY_SEARCH_PATHS_QUOTED_FOR_TARGET_29)",
					"$(LIBRARY_SEARCH_PATHS_QUOTED_FOR_TARGET_30)",
					"$(LIBRARY_SEARCH_PATHS_QUOTED_FOR_TARGET_31)",
					"$(LIBRARY_SEARCH_PATHS_QUOTED_FOR_TARGET_32)",
					"$(LIBRARY_SEARCH_PATHS_QUOTED_FOR_TARGET_33)",
					"$(LIBRARY_SEARCH_PATHS_QUOTED_FOR_TARGET_34)",
					"$(LIBRARY_SEARCH_PATHS_QUOTED_FOR_TARGET_35)",
					"$(LIBRARY_SEARCH_PATHS_QUOTED_FOR_TARGET_36)",
					"$(LIBRARY_SEARCH_PATHS_QUOTED_FOR_TARGET_37)",
					"$(LIBRARY_SEARCH_PATHS_QUOTED_FOR_TARGET_38)",
					"$(LIBRARY_SEARCH_PATHS_QUOTED_FOR_TARGET_39)",
					"$(LIBRARY_SEARCH_PATHS_QUOTED_FOR_TARGET_40)",
					"$(LIBRARY_SEARCH_PATHS_QUOTED_FOR_TARGET_41)",
					"$(LIBRARY_SEARCH_PATHS_QUOTED_FOR_TARGET_42)",
					"$(LIBRARY_SEARCH_PATHS_QUOTED_FOR_TARGET_43)",
					"$(LIBRARY_SEARCH_PATHS_QUOTED_FOR_TARGET_44)",
					"$(LIBRARY_SEARCH_PATHS_QUOTED_FOR_TARGET_45)",
					"$(LIBRARY_SEARCH_PATHS_QUOTED_FOR_TARGET_46)",
					"$(LIBRARY_SEARCH_PATHS_QUOTED_FOR_TARGET_47)",
					"$(LIBRARY_SEARCH_PATHS_QUOTED_FOR_TARGET_48)",
					"$(LIBRARY_SEARCH_PATHS_QUOTED_FOR_TARGET_49)",
					"$(LIBRARY_SEARCH_PATHS_QUOTED_FOR_TARGET_50)",
					"$(LIBRARY_SEARCH_PATHS_QUOTED_FOR_TARGET_51)",
					"$(LIBRARY_SEARCH_PATHS_QUOTED_FOR_TARGET_1)",
					"\"$(SRCROOT)/../../../addons/tbb41_20121003oss/lib\"",
				);
				LIBRARY_SEARCH_PATHS_QUOTED_FOR_TARGET_1 = "\"$(SRCROOT)/../../../addons/ofxAssimpModelLoader/libs/assimp/lib/osx\"";
				MACOSX_DEPLOYMENT_TARGET = 10.7;
				OTHER_LDFLAGS = (
					"$(OF_CORE_LIBS)",
					"$(EXTRA_LIBS)",
					"-headerpad_max_install_names",
				);
				PRODUCT_NAME = renatureModeller_rev024;
				SDKROOT = macosx10.9;
				WRAPPER_EXTENSION = app;
			};
			name = Release;
		};
/* End XCBuildConfiguration section */

/* Begin XCConfigurationList section */
		E4B69B4D0A3A1720003C02F2 /* Build configuration list for PBXProject "instancedModeler_rev02" */ = {
			isa = XCConfigurationList;
			buildConfigurations = (
				E4B69B4E0A3A1720003C02F2 /* Debug */,
				E4B69B4F0A3A1720003C02F2 /* Release */,
			);
			defaultConfigurationIsVisible = 0;
			defaultConfigurationName = Release;
		};
		E4B69B5F0A3A1757003C02F2 /* Build configuration list for PBXNativeTarget "instancedModeler_rev02" */ = {
			isa = XCConfigurationList;
			buildConfigurations = (
				E4B69B600A3A1757003C02F2 /* Debug */,
				E4B69B610A3A1757003C02F2 /* Release */,
			);
			defaultConfigurationIsVisible = 0;
			defaultConfigurationName = Release;
		};
/* End XCConfigurationList section */
	};
	rootObject = E4B69B4C0A3A1720003C02F2 /* Project object */;
}
